
Microsoft Visual Studio Solution File, Format Version 12.00
# Visual Studio Version 17
VisualStudioVersion = 17.6.33815.320
MinimumVisualStudioVersion = 10.0.40219.1
Project("{FAE04EC0-301F-11D3-BF4B-00C04F79EFBC}") = "ValidationwithJS", "ValidationwithJS\ValidationwithJS.csproj", "{CAD15727-9B5B-4FA1-B712-D9E6253D7F0D}"
EndProject
Global
	GlobalSection(SolutionConfigurationPlatforms) = preSolution
		Debug|Any CPU = Debug|Any CPU
		Release|Any CPU = Release|Any CPU
	EndGlobalSection
	GlobalSection(ProjectConfigurationPlatforms) = postSolution
		{CAD15727-9B5B-4FA1-B712-D9E6253D7F0D}.Debug|Any CPU.ActiveCfg = Debug|Any CPU
		{CAD15727-9B5B-4FA1-B712-D9E6253D7F0D}.Debug|Any CPU.Build.0 = Debug|Any CPU
		{CAD15727-9B5B-4FA1-B712-D9E6253D7F0D}.Release|Any CPU.ActiveCfg = Release|Any CPU
		{CAD15727-9B5B-4FA1-B712-D9E6253D7F0D}.Release|Any CPU.Build.0 = Release|Any CPU
	EndGlobalSection
	GlobalSection(SolutionProperties) = preSolution
		HideSolutionNode = FALSE
	EndGlobalSection
	GlobalSection(ExtensibilityGlobals) = postSolution
		SolutionGuid = {5A0ACCFF-E4D8-463C-A3BB-B1AFE0EB713B}
	EndGlobalSection
EndGlobal
