
Microsoft Visual Studio Solution File, Format Version 12.00
# Visual Studio Version 17
VisualStudioVersion = 17.5.33502.453
MinimumVisualStudioVersion = 10.0.40219.1
Project("{FAE04EC0-301F-11D3-BF4B-00C04F79EFBC}") = "while", "while\while.csproj", "{2D9DBD98-481A-419F-9915-A0F74F797250}"
EndProject
Global
	GlobalSection(SolutionConfigurationPlatforms) = preSolution
		Debug|Any CPU = Debug|Any CPU
		Release|Any CPU = Release|Any CPU
	EndGlobalSection
	GlobalSection(ProjectConfigurationPlatforms) = postSolution
		{2D9DBD98-481A-419F-9915-A0F74F797250}.Debug|Any CPU.ActiveCfg = Debug|Any CPU
		{2D9DBD98-481A-419F-9915-A0F74F797250}.Debug|Any CPU.Build.0 = Debug|Any CPU
		{2D9DBD98-481A-419F-9915-A0F74F797250}.Release|Any CPU.ActiveCfg = Release|Any CPU
		{2D9DBD98-481A-419F-9915-A0F74F797250}.Release|Any CPU.Build.0 = Release|Any CPU
	EndGlobalSection
	GlobalSection(SolutionProperties) = preSolution
		HideSolutionNode = FALSE
	EndGlobalSection
	GlobalSection(ExtensibilityGlobals) = postSolution
		SolutionGuid = {29855347-319C-4088-9A69-2635D1E0E6A5}
	EndGlobalSection
EndGlobal
