
Microsoft Visual Studio Solution File, Format Version 12.00
# Visual Studio Version 17
VisualStudioVersion = 17.6.33829.357
MinimumVisualStudioVersion = 10.0.40219.1
Project("{FAE04EC0-301F-11D3-BF4B-00C04F79EFBC}") = "webApiwithMvc", "webApiwithMvc\webApiwithMvc.csproj", "{39261708-0225-4921-9AA4-CEF22B2A78E9}"
EndProject
Global
	GlobalSection(SolutionConfigurationPlatforms) = preSolution
		Debug|Any CPU = Debug|Any CPU
		Release|Any CPU = Release|Any CPU
	EndGlobalSection
	GlobalSection(ProjectConfigurationPlatforms) = postSolution
		{39261708-0225-4921-9AA4-CEF22B2A78E9}.Debug|Any CPU.ActiveCfg = Debug|Any CPU
		{39261708-0225-4921-9AA4-CEF22B2A78E9}.Debug|Any CPU.Build.0 = Debug|Any CPU
		{39261708-0225-4921-9AA4-CEF22B2A78E9}.Release|Any CPU.ActiveCfg = Release|Any CPU
		{39261708-0225-4921-9AA4-CEF22B2A78E9}.Release|Any CPU.Build.0 = Release|Any CPU
	EndGlobalSection
	GlobalSection(SolutionProperties) = preSolution
		HideSolutionNode = FALSE
	EndGlobalSection
	GlobalSection(ExtensibilityGlobals) = postSolution
		SolutionGuid = {0E63F4F3-3944-41FD-81C7-280A2649DC2A}
	EndGlobalSection
EndGlobal
