
Microsoft Visual Studio Solution File, Format Version 12.00
# Visual Studio Version 17
VisualStudioVersion = 17.5.33502.453
MinimumVisualStudioVersion = 10.0.40219.1
Project("{FAE04EC0-301F-11D3-BF4B-00C04F79EFBC}") = "returningarraymethod", "returningarraymethod\returningarraymethod.csproj", "{FC85ACFF-1D36-4C6C-838D-7704A24CCC0F}"
EndProject
Global
	GlobalSection(SolutionConfigurationPlatforms) = preSolution
		Debug|Any CPU = Debug|Any CPU
		Release|Any CPU = Release|Any CPU
	EndGlobalSection
	GlobalSection(ProjectConfigurationPlatforms) = postSolution
		{FC85ACFF-1D36-4C6C-838D-7704A24CCC0F}.Debug|Any CPU.ActiveCfg = Debug|Any CPU
		{FC85ACFF-1D36-4C6C-838D-7704A24CCC0F}.Debug|Any CPU.Build.0 = Debug|Any CPU
		{FC85ACFF-1D36-4C6C-838D-7704A24CCC0F}.Release|Any CPU.ActiveCfg = Release|Any CPU
		{FC85ACFF-1D36-4C6C-838D-7704A24CCC0F}.Release|Any CPU.Build.0 = Release|Any CPU
	EndGlobalSection
	GlobalSection(SolutionProperties) = preSolution
		HideSolutionNode = FALSE
	EndGlobalSection
	GlobalSection(ExtensibilityGlobals) = postSolution
		SolutionGuid = {604E14C2-2C0E-41F6-948F-62EC65FA1B51}
	EndGlobalSection
EndGlobal
