
Microsoft Visual Studio Solution File, Format Version 12.00
# Visual Studio Version 17
VisualStudioVersion = 17.5.33502.453
MinimumVisualStudioVersion = 10.0.40219.1
Project("{FAE04EC0-301F-11D3-BF4B-00C04F79EFBC}") = "aspExample2", "aspExample2\aspExample2.csproj", "{296A2A8B-A9FC-4A4D-895E-073A5D4DCE10}"
EndProject
Global
	GlobalSection(SolutionConfigurationPlatforms) = preSolution
		Debug|Any CPU = Debug|Any CPU
		Release|Any CPU = Release|Any CPU
	EndGlobalSection
	GlobalSection(ProjectConfigurationPlatforms) = postSolution
		{296A2A8B-A9FC-4A4D-895E-073A5D4DCE10}.Debug|Any CPU.ActiveCfg = Debug|Any CPU
		{296A2A8B-A9FC-4A4D-895E-073A5D4DCE10}.Debug|Any CPU.Build.0 = Debug|Any CPU
		{296A2A8B-A9FC-4A4D-895E-073A5D4DCE10}.Release|Any CPU.ActiveCfg = Release|Any CPU
		{296A2A8B-A9FC-4A4D-895E-073A5D4DCE10}.Release|Any CPU.Build.0 = Release|Any CPU
	EndGlobalSection
	GlobalSection(SolutionProperties) = preSolution
		HideSolutionNode = FALSE
	EndGlobalSection
	GlobalSection(ExtensibilityGlobals) = postSolution
		SolutionGuid = {0C11E678-1016-4FFC-B825-C0B0A5CFF4CA}
	EndGlobalSection
EndGlobal
