
Microsoft Visual Studio Solution File, Format Version 12.00
# Visual Studio Version 17
VisualStudioVersion = 17.6.33723.286
MinimumVisualStudioVersion = 10.0.40219.1
Project("{FAE04EC0-301F-11D3-BF4B-00C04F79EFBC}") = "serverobjectasp", "serverobjectasp\serverobjectasp.csproj", "{597EB62D-FA72-4875-AC5B-2DDCDBC92D2E}"
EndProject
Global
	GlobalSection(SolutionConfigurationPlatforms) = preSolution
		Debug|Any CPU = Debug|Any CPU
		Release|Any CPU = Release|Any CPU
	EndGlobalSection
	GlobalSection(ProjectConfigurationPlatforms) = postSolution
		{597EB62D-FA72-4875-AC5B-2DDCDBC92D2E}.Debug|Any CPU.ActiveCfg = Debug|Any CPU
		{597EB62D-FA72-4875-AC5B-2DDCDBC92D2E}.Debug|Any CPU.Build.0 = Debug|Any CPU
		{597EB62D-FA72-4875-AC5B-2DDCDBC92D2E}.Release|Any CPU.ActiveCfg = Release|Any CPU
		{597EB62D-FA72-4875-AC5B-2DDCDBC92D2E}.Release|Any CPU.Build.0 = Release|Any CPU
	EndGlobalSection
	GlobalSection(SolutionProperties) = preSolution
		HideSolutionNode = FALSE
	EndGlobalSection
	GlobalSection(ExtensibilityGlobals) = postSolution
		SolutionGuid = {D5B11303-523F-4402-B975-F95441B96A70}
	EndGlobalSection
EndGlobal
