
Microsoft Visual Studio Solution File, Format Version 12.00
# Visual Studio Version 17
VisualStudioVersion = 17.5.33502.453
MinimumVisualStudioVersion = 10.0.40219.1
Project("{FAE04EC0-301F-11D3-BF4B-00C04F79EFBC}") = "userdataform", "userdataform\userdataform.csproj", "{8C1FF569-4FD3-443C-82E9-B80B98452026}"
EndProject
Global
	GlobalSection(SolutionConfigurationPlatforms) = preSolution
		Debug|Any CPU = Debug|Any CPU
		Release|Any CPU = Release|Any CPU
	EndGlobalSection
	GlobalSection(ProjectConfigurationPlatforms) = postSolution
		{8C1FF569-4FD3-443C-82E9-B80B98452026}.Debug|Any CPU.ActiveCfg = Debug|Any CPU
		{8C1FF569-4FD3-443C-82E9-B80B98452026}.Debug|Any CPU.Build.0 = Debug|Any CPU
		{8C1FF569-4FD3-443C-82E9-B80B98452026}.Release|Any CPU.ActiveCfg = Release|Any CPU
		{8C1FF569-4FD3-443C-82E9-B80B98452026}.Release|Any CPU.Build.0 = Release|Any CPU
	EndGlobalSection
	GlobalSection(SolutionProperties) = preSolution
		HideSolutionNode = FALSE
	EndGlobalSection
	GlobalSection(ExtensibilityGlobals) = postSolution
		SolutionGuid = {33877363-BBB1-41A2-9BC5-B633AEA8B346}
	EndGlobalSection
EndGlobal
