
Microsoft Visual Studio Solution File, Format Version 12.00
# Visual Studio Version 17
VisualStudioVersion = 17.5.33502.453
MinimumVisualStudioVersion = 10.0.40219.1
Project("{FAE04EC0-301F-11D3-BF4B-00C04F79EFBC}") = "printtable", "printtable\printtable.csproj", "{98B4C498-DBE5-4AC1-B38B-22BDA9ACEEAB}"
EndProject
Global
	GlobalSection(SolutionConfigurationPlatforms) = preSolution
		Debug|Any CPU = Debug|Any CPU
		Release|Any CPU = Release|Any CPU
	EndGlobalSection
	GlobalSection(ProjectConfigurationPlatforms) = postSolution
		{98B4C498-DBE5-4AC1-B38B-22BDA9ACEEAB}.Debug|Any CPU.ActiveCfg = Debug|Any CPU
		{98B4C498-DBE5-4AC1-B38B-22BDA9ACEEAB}.Debug|Any CPU.Build.0 = Debug|Any CPU
		{98B4C498-DBE5-4AC1-B38B-22BDA9ACEEAB}.Release|Any CPU.ActiveCfg = Release|Any CPU
		{98B4C498-DBE5-4AC1-B38B-22BDA9ACEEAB}.Release|Any CPU.Build.0 = Release|Any CPU
	EndGlobalSection
	GlobalSection(SolutionProperties) = preSolution
		HideSolutionNode = FALSE
	EndGlobalSection
	GlobalSection(ExtensibilityGlobals) = postSolution
		SolutionGuid = {BA0933E9-F38A-46FF-AE61-474DBC06D9DE}
	EndGlobalSection
EndGlobal
