
Microsoft Visual Studio Solution File, Format Version 12.00
# Visual Studio Version 17
VisualStudioVersion = 17.5.33502.453
MinimumVisualStudioVersion = 10.0.40219.1
Project("{FAE04EC0-301F-11D3-BF4B-00C04F79EFBC}") = "orderclass_winform", "orderclass_winform\orderclass_winform.csproj", "{7433FFBE-EEEB-4721-BD5B-83BC35B5BE95}"
EndProject
Global
	GlobalSection(SolutionConfigurationPlatforms) = preSolution
		Debug|Any CPU = Debug|Any CPU
		Release|Any CPU = Release|Any CPU
	EndGlobalSection
	GlobalSection(ProjectConfigurationPlatforms) = postSolution
		{7433FFBE-EEEB-4721-BD5B-83BC35B5BE95}.Debug|Any CPU.ActiveCfg = Debug|Any CPU
		{7433FFBE-EEEB-4721-BD5B-83BC35B5BE95}.Debug|Any CPU.Build.0 = Debug|Any CPU
		{7433FFBE-EEEB-4721-BD5B-83BC35B5BE95}.Release|Any CPU.ActiveCfg = Release|Any CPU
		{7433FFBE-EEEB-4721-BD5B-83BC35B5BE95}.Release|Any CPU.Build.0 = Release|Any CPU
	EndGlobalSection
	GlobalSection(SolutionProperties) = preSolution
		HideSolutionNode = FALSE
	EndGlobalSection
	GlobalSection(ExtensibilityGlobals) = postSolution
		SolutionGuid = {A807C7BE-2E0F-42D8-B8A9-7EBE3FE41325}
	EndGlobalSection
EndGlobal
