
Microsoft Visual Studio Solution File, Format Version 12.00
# Visual Studio Version 17
VisualStudioVersion = 17.5.33502.453
MinimumVisualStudioVersion = 10.0.40219.1
Project("{FAE04EC0-301F-11D3-BF4B-00C04F79EFBC}") = "check_anagrams", "check_anagrams\check_anagrams.csproj", "{AF94BE35-3FB6-46C4-9086-450D414CC756}"
EndProject
Global
	GlobalSection(SolutionConfigurationPlatforms) = preSolution
		Debug|Any CPU = Debug|Any CPU
		Release|Any CPU = Release|Any CPU
	EndGlobalSection
	GlobalSection(ProjectConfigurationPlatforms) = postSolution
		{AF94BE35-3FB6-46C4-9086-450D414CC756}.Debug|Any CPU.ActiveCfg = Debug|Any CPU
		{AF94BE35-3FB6-46C4-9086-450D414CC756}.Debug|Any CPU.Build.0 = Debug|Any CPU
		{AF94BE35-3FB6-46C4-9086-450D414CC756}.Release|Any CPU.ActiveCfg = Release|Any CPU
		{AF94BE35-3FB6-46C4-9086-450D414CC756}.Release|Any CPU.Build.0 = Release|Any CPU
	EndGlobalSection
	GlobalSection(SolutionProperties) = preSolution
		HideSolutionNode = FALSE
	EndGlobalSection
	GlobalSection(ExtensibilityGlobals) = postSolution
		SolutionGuid = {DCBF1B11-AC55-42F3-9693-0C5DF139171E}
	EndGlobalSection
EndGlobal
