
Microsoft Visual Studio Solution File, Format Version 12.00
# Visual Studio Version 17
VisualStudioVersion = 17.5.33502.453
MinimumVisualStudioVersion = 10.0.40219.1
Project("{FAE04EC0-301F-11D3-BF4B-00C04F79EFBC}") = "singlelevelwith_overloading", "singlelevelwith_overloading\singlelevelwith_overloading.csproj", "{ECF9A7E9-2A09-4D9F-B818-DB4FF5C039D4}"
EndProject
Global
	GlobalSection(SolutionConfigurationPlatforms) = preSolution
		Debug|Any CPU = Debug|Any CPU
		Release|Any CPU = Release|Any CPU
	EndGlobalSection
	GlobalSection(ProjectConfigurationPlatforms) = postSolution
		{ECF9A7E9-2A09-4D9F-B818-DB4FF5C039D4}.Debug|Any CPU.ActiveCfg = Debug|Any CPU
		{ECF9A7E9-2A09-4D9F-B818-DB4FF5C039D4}.Debug|Any CPU.Build.0 = Debug|Any CPU
		{ECF9A7E9-2A09-4D9F-B818-DB4FF5C039D4}.Release|Any CPU.ActiveCfg = Release|Any CPU
		{ECF9A7E9-2A09-4D9F-B818-DB4FF5C039D4}.Release|Any CPU.Build.0 = Release|Any CPU
	EndGlobalSection
	GlobalSection(SolutionProperties) = preSolution
		HideSolutionNode = FALSE
	EndGlobalSection
	GlobalSection(ExtensibilityGlobals) = postSolution
		SolutionGuid = {542F1BE5-2311-4CA9-A07A-B4CCEB15A615}
	EndGlobalSection
EndGlobal
