
Microsoft Visual Studio Solution File, Format Version 12.00
# Visual Studio Version 17
VisualStudioVersion = 17.5.33502.453
MinimumVisualStudioVersion = 10.0.40219.1
Project("{FAE04EC0-301F-11D3-BF4B-00C04F79EFBC}") = "primeno_recursion", "primeno_recursion\primeno_recursion.csproj", "{59777193-D057-4D2E-85E3-B533D19662EE}"
EndProject
Global
	GlobalSection(SolutionConfigurationPlatforms) = preSolution
		Debug|Any CPU = Debug|Any CPU
		Release|Any CPU = Release|Any CPU
	EndGlobalSection
	GlobalSection(ProjectConfigurationPlatforms) = postSolution
		{59777193-D057-4D2E-85E3-B533D19662EE}.Debug|Any CPU.ActiveCfg = Debug|Any CPU
		{59777193-D057-4D2E-85E3-B533D19662EE}.Debug|Any CPU.Build.0 = Debug|Any CPU
		{59777193-D057-4D2E-85E3-B533D19662EE}.Release|Any CPU.ActiveCfg = Release|Any CPU
		{59777193-D057-4D2E-85E3-B533D19662EE}.Release|Any CPU.Build.0 = Release|Any CPU
	EndGlobalSection
	GlobalSection(SolutionProperties) = preSolution
		HideSolutionNode = FALSE
	EndGlobalSection
	GlobalSection(ExtensibilityGlobals) = postSolution
		SolutionGuid = {1AD32A20-C926-4482-BA22-924357E8E3F1}
	EndGlobalSection
EndGlobal
