
Microsoft Visual Studio Solution File, Format Version 12.00
# Visual Studio Version 17
VisualStudioVersion = 17.5.33502.453
MinimumVisualStudioVersion = 10.0.40219.1
Project("{FAE04EC0-301F-11D3-BF4B-00C04F79EFBC}") = "csharpass1", "csharpass1\csharpass1.csproj", "{8DEED893-B421-4063-9F4C-42524E230742}"
EndProject
Global
	GlobalSection(SolutionConfigurationPlatforms) = preSolution
		Debug|Any CPU = Debug|Any CPU
		Release|Any CPU = Release|Any CPU
	EndGlobalSection
	GlobalSection(ProjectConfigurationPlatforms) = postSolution
		{8DEED893-B421-4063-9F4C-42524E230742}.Debug|Any CPU.ActiveCfg = Debug|Any CPU
		{8DEED893-B421-4063-9F4C-42524E230742}.Debug|Any CPU.Build.0 = Debug|Any CPU
		{8DEED893-B421-4063-9F4C-42524E230742}.Release|Any CPU.ActiveCfg = Release|Any CPU
		{8DEED893-B421-4063-9F4C-42524E230742}.Release|Any CPU.Build.0 = Release|Any CPU
	EndGlobalSection
	GlobalSection(SolutionProperties) = preSolution
		HideSolutionNode = FALSE
	EndGlobalSection
	GlobalSection(ExtensibilityGlobals) = postSolution
		SolutionGuid = {8770DB29-CBD1-4D24-A96F-12439FB3BAED}
	EndGlobalSection
EndGlobal
