
Microsoft Visual Studio Solution File, Format Version 12.00
# Visual Studio Version 17
VisualStudioVersion = 17.5.33502.453
MinimumVisualStudioVersion = 10.0.40219.1
Project("{FAE04EC0-301F-11D3-BF4B-00C04F79EFBC}") = "Cal_Culator", "Cal_Culator\Cal_Culator.csproj", "{26A9E4C1-EA8B-4EC7-9985-5B7B5082EE13}"
EndProject
Global
	GlobalSection(SolutionConfigurationPlatforms) = preSolution
		Debug|Any CPU = Debug|Any CPU
		Release|Any CPU = Release|Any CPU
	EndGlobalSection
	GlobalSection(ProjectConfigurationPlatforms) = postSolution
		{26A9E4C1-EA8B-4EC7-9985-5B7B5082EE13}.Debug|Any CPU.ActiveCfg = Debug|Any CPU
		{26A9E4C1-EA8B-4EC7-9985-5B7B5082EE13}.Debug|Any CPU.Build.0 = Debug|Any CPU
		{26A9E4C1-EA8B-4EC7-9985-5B7B5082EE13}.Release|Any CPU.ActiveCfg = Release|Any CPU
		{26A9E4C1-EA8B-4EC7-9985-5B7B5082EE13}.Release|Any CPU.Build.0 = Release|Any CPU
	EndGlobalSection
	GlobalSection(SolutionProperties) = preSolution
		HideSolutionNode = FALSE
	EndGlobalSection
	GlobalSection(ExtensibilityGlobals) = postSolution
		SolutionGuid = {73536B02-F559-4142-8B78-A850BA211D48}
	EndGlobalSection
EndGlobal
