
Microsoft Visual Studio Solution File, Format Version 12.00
# Visual Studio Version 17
VisualStudioVersion = 17.6.33829.357
MinimumVisualStudioVersion = 10.0.40219.1
Project("{FAE04EC0-301F-11D3-BF4B-00C04F79EFBC}") = "fendalpractice2", "fendalpractice2\fendalpractice2.csproj", "{6F7F4F19-2ED5-4D85-88AA-68DE21498C56}"
EndProject
Global
	GlobalSection(SolutionConfigurationPlatforms) = preSolution
		Debug|Any CPU = Debug|Any CPU
		Release|Any CPU = Release|Any CPU
	EndGlobalSection
	GlobalSection(ProjectConfigurationPlatforms) = postSolution
		{6F7F4F19-2ED5-4D85-88AA-68DE21498C56}.Debug|Any CPU.ActiveCfg = Debug|Any CPU
		{6F7F4F19-2ED5-4D85-88AA-68DE21498C56}.Debug|Any CPU.Build.0 = Debug|Any CPU
		{6F7F4F19-2ED5-4D85-88AA-68DE21498C56}.Release|Any CPU.ActiveCfg = Release|Any CPU
		{6F7F4F19-2ED5-4D85-88AA-68DE21498C56}.Release|Any CPU.Build.0 = Release|Any CPU
	EndGlobalSection
	GlobalSection(SolutionProperties) = preSolution
		HideSolutionNode = FALSE
	EndGlobalSection
	GlobalSection(ExtensibilityGlobals) = postSolution
		SolutionGuid = {79D15783-F25C-4CE9-8C76-024D549F8813}
	EndGlobalSection
EndGlobal
