
Microsoft Visual Studio Solution File, Format Version 12.00
# Visual Studio Version 17
VisualStudioVersion = 17.5.33502.453
MinimumVisualStudioVersion = 10.0.40219.1
Project("{FAE04EC0-301F-11D3-BF4B-00C04F79EFBC}") = "show_nonrepeatingchar", "show_nonrepeatingchar\show_nonrepeatingchar.csproj", "{B4FF0C35-D3C6-4716-AC05-C194BB7D3C8C}"
EndProject
Global
	GlobalSection(SolutionConfigurationPlatforms) = preSolution
		Debug|Any CPU = Debug|Any CPU
		Release|Any CPU = Release|Any CPU
	EndGlobalSection
	GlobalSection(ProjectConfigurationPlatforms) = postSolution
		{B4FF0C35-D3C6-4716-AC05-C194BB7D3C8C}.Debug|Any CPU.ActiveCfg = Debug|Any CPU
		{B4FF0C35-D3C6-4716-AC05-C194BB7D3C8C}.Debug|Any CPU.Build.0 = Debug|Any CPU
		{B4FF0C35-D3C6-4716-AC05-C194BB7D3C8C}.Release|Any CPU.ActiveCfg = Release|Any CPU
		{B4FF0C35-D3C6-4716-AC05-C194BB7D3C8C}.Release|Any CPU.Build.0 = Release|Any CPU
	EndGlobalSection
	GlobalSection(SolutionProperties) = preSolution
		HideSolutionNode = FALSE
	EndGlobalSection
	GlobalSection(ExtensibilityGlobals) = postSolution
		SolutionGuid = {95F5D855-9E03-44D7-AA78-6C59CC9AC0BD}
	EndGlobalSection
EndGlobal
