
Microsoft Visual Studio Solution File, Format Version 12.00
# Visual Studio Version 17
VisualStudioVersion = 17.5.33502.453
MinimumVisualStudioVersion = 10.0.40219.1
Project("{FAE04EC0-301F-11D3-BF4B-00C04F79EFBC}") = "Book_MoveiTicket", "Book_MoveiTicket\Book_MoveiTicket.csproj", "{66191B8E-4DA6-474E-825B-B079A87B21D2}"
EndProject
Global
	GlobalSection(SolutionConfigurationPlatforms) = preSolution
		Debug|Any CPU = Debug|Any CPU
		Release|Any CPU = Release|Any CPU
	EndGlobalSection
	GlobalSection(ProjectConfigurationPlatforms) = postSolution
		{66191B8E-4DA6-474E-825B-B079A87B21D2}.Debug|Any CPU.ActiveCfg = Debug|Any CPU
		{66191B8E-4DA6-474E-825B-B079A87B21D2}.Debug|Any CPU.Build.0 = Debug|Any CPU
		{66191B8E-4DA6-474E-825B-B079A87B21D2}.Release|Any CPU.ActiveCfg = Release|Any CPU
		{66191B8E-4DA6-474E-825B-B079A87B21D2}.Release|Any CPU.Build.0 = Release|Any CPU
	EndGlobalSection
	GlobalSection(SolutionProperties) = preSolution
		HideSolutionNode = FALSE
	EndGlobalSection
	GlobalSection(ExtensibilityGlobals) = postSolution
		SolutionGuid = {258437B0-258B-4958-B97B-4CB1EBABC20F}
	EndGlobalSection
EndGlobal
