
Microsoft Visual Studio Solution File, Format Version 12.00
# Visual Studio Version 17
VisualStudioVersion = 17.5.33502.453
MinimumVisualStudioVersion = 10.0.40219.1
Project("{FAE04EC0-301F-11D3-BF4B-00C04F79EFBC}") = "empwithconstructor", "empwithconstructor\empwithconstructor.csproj", "{0EA2F3C7-4477-457B-88A3-8EBD3DD95D7E}"
EndProject
Global
	GlobalSection(SolutionConfigurationPlatforms) = preSolution
		Debug|Any CPU = Debug|Any CPU
		Release|Any CPU = Release|Any CPU
	EndGlobalSection
	GlobalSection(ProjectConfigurationPlatforms) = postSolution
		{0EA2F3C7-4477-457B-88A3-8EBD3DD95D7E}.Debug|Any CPU.ActiveCfg = Debug|Any CPU
		{0EA2F3C7-4477-457B-88A3-8EBD3DD95D7E}.Debug|Any CPU.Build.0 = Debug|Any CPU
		{0EA2F3C7-4477-457B-88A3-8EBD3DD95D7E}.Release|Any CPU.ActiveCfg = Release|Any CPU
		{0EA2F3C7-4477-457B-88A3-8EBD3DD95D7E}.Release|Any CPU.Build.0 = Release|Any CPU
	EndGlobalSection
	GlobalSection(SolutionProperties) = preSolution
		HideSolutionNode = FALSE
	EndGlobalSection
	GlobalSection(ExtensibilityGlobals) = postSolution
		SolutionGuid = {B1228FB3-EA3F-4382-85DE-4671192EBD33}
	EndGlobalSection
EndGlobal
