
Microsoft Visual Studio Solution File, Format Version 12.00
# Visual Studio Version 17
VisualStudioVersion = 17.6.33815.320
MinimumVisualStudioVersion = 10.0.40219.1
Project("{FAE04EC0-301F-11D3-BF4B-00C04F79EFBC}") = "FormStronglyType", "FormStronglyType\FormStronglyType.csproj", "{BA06DD37-5127-4334-B986-455D276EDB41}"
EndProject
Global
	GlobalSection(SolutionConfigurationPlatforms) = preSolution
		Debug|Any CPU = Debug|Any CPU
		Release|Any CPU = Release|Any CPU
	EndGlobalSection
	GlobalSection(ProjectConfigurationPlatforms) = postSolution
		{BA06DD37-5127-4334-B986-455D276EDB41}.Debug|Any CPU.ActiveCfg = Debug|Any CPU
		{BA06DD37-5127-4334-B986-455D276EDB41}.Debug|Any CPU.Build.0 = Debug|Any CPU
		{BA06DD37-5127-4334-B986-455D276EDB41}.Release|Any CPU.ActiveCfg = Release|Any CPU
		{BA06DD37-5127-4334-B986-455D276EDB41}.Release|Any CPU.Build.0 = Release|Any CPU
	EndGlobalSection
	GlobalSection(SolutionProperties) = preSolution
		HideSolutionNode = FALSE
	EndGlobalSection
	GlobalSection(ExtensibilityGlobals) = postSolution
		SolutionGuid = {C5E8321B-068C-4BAC-9679-C178059AA1DE}
	EndGlobalSection
EndGlobal
