
Microsoft Visual Studio Solution File, Format Version 12.00
# Visual Studio Version 17
VisualStudioVersion = 17.5.33502.453
MinimumVisualStudioVersion = 10.0.40219.1
Project("{FAE04EC0-301F-11D3-BF4B-00C04F79EFBC}") = "outparameter", "outparameter\outparameter.csproj", "{A0CD4E0C-81DE-4B2E-BA7F-A5008004B8C4}"
EndProject
Global
	GlobalSection(SolutionConfigurationPlatforms) = preSolution
		Debug|Any CPU = Debug|Any CPU
		Release|Any CPU = Release|Any CPU
	EndGlobalSection
	GlobalSection(ProjectConfigurationPlatforms) = postSolution
		{A0CD4E0C-81DE-4B2E-BA7F-A5008004B8C4}.Debug|Any CPU.ActiveCfg = Debug|Any CPU
		{A0CD4E0C-81DE-4B2E-BA7F-A5008004B8C4}.Debug|Any CPU.Build.0 = Debug|Any CPU
		{A0CD4E0C-81DE-4B2E-BA7F-A5008004B8C4}.Release|Any CPU.ActiveCfg = Release|Any CPU
		{A0CD4E0C-81DE-4B2E-BA7F-A5008004B8C4}.Release|Any CPU.Build.0 = Release|Any CPU
	EndGlobalSection
	GlobalSection(SolutionProperties) = preSolution
		HideSolutionNode = FALSE
	EndGlobalSection
	GlobalSection(ExtensibilityGlobals) = postSolution
		SolutionGuid = {E6BADAF7-9F70-494F-9FAC-5C7B3A4A99C8}
	EndGlobalSection
EndGlobal
