
Microsoft Visual Studio Solution File, Format Version 12.00
# Visual Studio Version 17
VisualStudioVersion = 17.6.33723.286
MinimumVisualStudioVersion = 10.0.40219.1
Project("{FAE04EC0-301F-11D3-BF4B-00C04F79EFBC}") = "aspcrud", "aspcrud\aspcrud.csproj", "{832BC5D3-98B2-493F-8C4A-DF9E9D0C2902}"
EndProject
Global
	GlobalSection(SolutionConfigurationPlatforms) = preSolution
		Debug|Any CPU = Debug|Any CPU
		Release|Any CPU = Release|Any CPU
	EndGlobalSection
	GlobalSection(ProjectConfigurationPlatforms) = postSolution
		{832BC5D3-98B2-493F-8C4A-DF9E9D0C2902}.Debug|Any CPU.ActiveCfg = Debug|Any CPU
		{832BC5D3-98B2-493F-8C4A-DF9E9D0C2902}.Debug|Any CPU.Build.0 = Debug|Any CPU
		{832BC5D3-98B2-493F-8C4A-DF9E9D0C2902}.Release|Any CPU.ActiveCfg = Release|Any CPU
		{832BC5D3-98B2-493F-8C4A-DF9E9D0C2902}.Release|Any CPU.Build.0 = Release|Any CPU
	EndGlobalSection
	GlobalSection(SolutionProperties) = preSolution
		HideSolutionNode = FALSE
	EndGlobalSection
	GlobalSection(ExtensibilityGlobals) = postSolution
		SolutionGuid = {304009BF-CBC0-4847-8A16-746C5B0353C7}
	EndGlobalSection
EndGlobal
