
Microsoft Visual Studio Solution File, Format Version 12.00
# Visual Studio Version 17
VisualStudioVersion = 17.5.33502.453
MinimumVisualStudioVersion = 10.0.40219.1
Project("{FAE04EC0-301F-11D3-BF4B-00C04F79EFBC}") = "fendhalproject", "fendhalproject\fendhalproject.csproj", "{2BE68B9D-E700-483A-BA18-D837F4DC5E4E}"
EndProject
Global
	GlobalSection(SolutionConfigurationPlatforms) = preSolution
		Debug|Any CPU = Debug|Any CPU
		Release|Any CPU = Release|Any CPU
	EndGlobalSection
	GlobalSection(ProjectConfigurationPlatforms) = postSolution
		{2BE68B9D-E700-483A-BA18-D837F4DC5E4E}.Debug|Any CPU.ActiveCfg = Debug|Any CPU
		{2BE68B9D-E700-483A-BA18-D837F4DC5E4E}.Debug|Any CPU.Build.0 = Debug|Any CPU
		{2BE68B9D-E700-483A-BA18-D837F4DC5E4E}.Release|Any CPU.ActiveCfg = Release|Any CPU
		{2BE68B9D-E700-483A-BA18-D837F4DC5E4E}.Release|Any CPU.Build.0 = Release|Any CPU
	EndGlobalSection
	GlobalSection(SolutionProperties) = preSolution
		HideSolutionNode = FALSE
	EndGlobalSection
	GlobalSection(ExtensibilityGlobals) = postSolution
		SolutionGuid = {E283EEFB-FE01-49F5-80EA-FD661B88A4F6}
	EndGlobalSection
EndGlobal
