
Microsoft Visual Studio Solution File, Format Version 12.00
# Visual Studio Version 17
VisualStudioVersion = 17.5.33502.453
MinimumVisualStudioVersion = 10.0.40219.1
Project("{FAE04EC0-301F-11D3-BF4B-00C04F79EFBC}") = "deposite&withdraw", "deposite&withdraw\deposite&withdraw.csproj", "{A708C1A5-5BEC-41FB-9A92-943A8704F820}"
EndProject
Global
	GlobalSection(SolutionConfigurationPlatforms) = preSolution
		Debug|Any CPU = Debug|Any CPU
		Release|Any CPU = Release|Any CPU
	EndGlobalSection
	GlobalSection(ProjectConfigurationPlatforms) = postSolution
		{A708C1A5-5BEC-41FB-9A92-943A8704F820}.Debug|Any CPU.ActiveCfg = Debug|Any CPU
		{A708C1A5-5BEC-41FB-9A92-943A8704F820}.Debug|Any CPU.Build.0 = Debug|Any CPU
		{A708C1A5-5BEC-41FB-9A92-943A8704F820}.Release|Any CPU.ActiveCfg = Release|Any CPU
		{A708C1A5-5BEC-41FB-9A92-943A8704F820}.Release|Any CPU.Build.0 = Release|Any CPU
	EndGlobalSection
	GlobalSection(SolutionProperties) = preSolution
		HideSolutionNode = FALSE
	EndGlobalSection
	GlobalSection(ExtensibilityGlobals) = postSolution
		SolutionGuid = {08E0CEA2-5595-4BF6-B110-BBAD1FD5F057}
	EndGlobalSection
EndGlobal
