
Microsoft Visual Studio Solution File, Format Version 12.00
# Visual Studio Version 17
VisualStudioVersion = 17.5.33502.453
MinimumVisualStudioVersion = 10.0.40219.1
Project("{FAE04EC0-301F-11D3-BF4B-00C04F79EFBC}") = "ExOf_Enum", "ExOf_Enum\ExOf_Enum.csproj", "{CDC34941-EA97-4102-A050-F147603B7F41}"
EndProject
Global
	GlobalSection(SolutionConfigurationPlatforms) = preSolution
		Debug|Any CPU = Debug|Any CPU
		Release|Any CPU = Release|Any CPU
	EndGlobalSection
	GlobalSection(ProjectConfigurationPlatforms) = postSolution
		{CDC34941-EA97-4102-A050-F147603B7F41}.Debug|Any CPU.ActiveCfg = Debug|Any CPU
		{CDC34941-EA97-4102-A050-F147603B7F41}.Debug|Any CPU.Build.0 = Debug|Any CPU
		{CDC34941-EA97-4102-A050-F147603B7F41}.Release|Any CPU.ActiveCfg = Release|Any CPU
		{CDC34941-EA97-4102-A050-F147603B7F41}.Release|Any CPU.Build.0 = Release|Any CPU
	EndGlobalSection
	GlobalSection(SolutionProperties) = preSolution
		HideSolutionNode = FALSE
	EndGlobalSection
	GlobalSection(ExtensibilityGlobals) = postSolution
		SolutionGuid = {4DC3C4C8-42F8-4C3E-8F71-7850AD26D9B2}
	EndGlobalSection
EndGlobal
