
Microsoft Visual Studio Solution File, Format Version 12.00
# Visual Studio Version 17
VisualStudioVersion = 17.5.33502.453
MinimumVisualStudioVersion = 10.0.40219.1
Project("{FAE04EC0-301F-11D3-BF4B-00C04F79EFBC}") = "smallfrom3", "smallfrom3\smallfrom3.csproj", "{D4E3D74C-97EA-41A5-91DA-08CC7F1E1ECB}"
EndProject
Global
	GlobalSection(SolutionConfigurationPlatforms) = preSolution
		Debug|Any CPU = Debug|Any CPU
		Release|Any CPU = Release|Any CPU
	EndGlobalSection
	GlobalSection(ProjectConfigurationPlatforms) = postSolution
		{D4E3D74C-97EA-41A5-91DA-08CC7F1E1ECB}.Debug|Any CPU.ActiveCfg = Debug|Any CPU
		{D4E3D74C-97EA-41A5-91DA-08CC7F1E1ECB}.Debug|Any CPU.Build.0 = Debug|Any CPU
		{D4E3D74C-97EA-41A5-91DA-08CC7F1E1ECB}.Release|Any CPU.ActiveCfg = Release|Any CPU
		{D4E3D74C-97EA-41A5-91DA-08CC7F1E1ECB}.Release|Any CPU.Build.0 = Release|Any CPU
	EndGlobalSection
	GlobalSection(SolutionProperties) = preSolution
		HideSolutionNode = FALSE
	EndGlobalSection
	GlobalSection(ExtensibilityGlobals) = postSolution
		SolutionGuid = {5D8F939E-CC27-4FFC-8229-1BB4325D3030}
	EndGlobalSection
EndGlobal
