
Microsoft Visual Studio Solution File, Format Version 12.00
# Visual Studio Version 17
VisualStudioVersion = 17.5.33502.453
MinimumVisualStudioVersion = 10.0.40219.1
Project("{FAE04EC0-301F-11D3-BF4B-00C04F79EFBC}") = "Project1", "Project1\Project1.csproj", "{6778A895-C5DB-44C4-AF12-9E5BCFF69A60}"
EndProject
Global
	GlobalSection(SolutionConfigurationPlatforms) = preSolution
		Debug|Any CPU = Debug|Any CPU
		Release|Any CPU = Release|Any CPU
	EndGlobalSection
	GlobalSection(ProjectConfigurationPlatforms) = postSolution
		{6778A895-C5DB-44C4-AF12-9E5BCFF69A60}.Debug|Any CPU.ActiveCfg = Debug|Any CPU
		{6778A895-C5DB-44C4-AF12-9E5BCFF69A60}.Debug|Any CPU.Build.0 = Debug|Any CPU
		{6778A895-C5DB-44C4-AF12-9E5BCFF69A60}.Release|Any CPU.ActiveCfg = Release|Any CPU
		{6778A895-C5DB-44C4-AF12-9E5BCFF69A60}.Release|Any CPU.Build.0 = Release|Any CPU
	EndGlobalSection
	GlobalSection(SolutionProperties) = preSolution
		HideSolutionNode = FALSE
	EndGlobalSection
	GlobalSection(ExtensibilityGlobals) = postSolution
		SolutionGuid = {D8BED5F4-2714-41C1-814D-A6EAEA919DFD}
	EndGlobalSection
EndGlobal
