
Microsoft Visual Studio Solution File, Format Version 12.00
# Visual Studio Version 17
VisualStudioVersion = 17.5.33502.453
MinimumVisualStudioVersion = 10.0.40219.1
Project("{FAE04EC0-301F-11D3-BF4B-00C04F79EFBC}") = "class_calculater", "class_calculater\class_calculater.csproj", "{F657955C-1DE9-49E0-9D5C-A2A658552E76}"
EndProject
Global
	GlobalSection(SolutionConfigurationPlatforms) = preSolution
		Debug|Any CPU = Debug|Any CPU
		Release|Any CPU = Release|Any CPU
	EndGlobalSection
	GlobalSection(ProjectConfigurationPlatforms) = postSolution
		{F657955C-1DE9-49E0-9D5C-A2A658552E76}.Debug|Any CPU.ActiveCfg = Debug|Any CPU
		{F657955C-1DE9-49E0-9D5C-A2A658552E76}.Debug|Any CPU.Build.0 = Debug|Any CPU
		{F657955C-1DE9-49E0-9D5C-A2A658552E76}.Release|Any CPU.ActiveCfg = Release|Any CPU
		{F657955C-1DE9-49E0-9D5C-A2A658552E76}.Release|Any CPU.Build.0 = Release|Any CPU
	EndGlobalSection
	GlobalSection(SolutionProperties) = preSolution
		HideSolutionNode = FALSE
	EndGlobalSection
	GlobalSection(ExtensibilityGlobals) = postSolution
		SolutionGuid = {0F25FF1D-CC74-4869-B727-0B22718BD9BF}
	EndGlobalSection
EndGlobal
