
Microsoft Visual Studio Solution File, Format Version 12.00
# Visual Studio Version 17
VisualStudioVersion = 17.5.33502.453
MinimumVisualStudioVersion = 10.0.40219.1
Project("{FAE04EC0-301F-11D3-BF4B-00C04F79EFBC}") = "addrepeat_number", "addrepeat_number\addrepeat_number.csproj", "{1D284E81-2351-4C97-9F17-AC88393565C8}"
EndProject
Global
	GlobalSection(SolutionConfigurationPlatforms) = preSolution
		Debug|Any CPU = Debug|Any CPU
		Release|Any CPU = Release|Any CPU
	EndGlobalSection
	GlobalSection(ProjectConfigurationPlatforms) = postSolution
		{1D284E81-2351-4C97-9F17-AC88393565C8}.Debug|Any CPU.ActiveCfg = Debug|Any CPU
		{1D284E81-2351-4C97-9F17-AC88393565C8}.Debug|Any CPU.Build.0 = Debug|Any CPU
		{1D284E81-2351-4C97-9F17-AC88393565C8}.Release|Any CPU.ActiveCfg = Release|Any CPU
		{1D284E81-2351-4C97-9F17-AC88393565C8}.Release|Any CPU.Build.0 = Release|Any CPU
	EndGlobalSection
	GlobalSection(SolutionProperties) = preSolution
		HideSolutionNode = FALSE
	EndGlobalSection
	GlobalSection(ExtensibilityGlobals) = postSolution
		SolutionGuid = {CFC5E312-E2E7-41C2-8E18-A08D57EF65CF}
	EndGlobalSection
EndGlobal
