
Microsoft Visual Studio Solution File, Format Version 12.00
# Visual Studio Version 17
VisualStudioVersion = 17.6.33723.286
MinimumVisualStudioVersion = 10.0.40219.1
Project("{FAE04EC0-301F-11D3-BF4B-00C04F79EFBC}") = "Methodstoreuse", "Methodstoreuse\Methodstoreuse.csproj", "{1507C272-9AA3-4254-8229-EE69304361CD}"
EndProject
Global
	GlobalSection(SolutionConfigurationPlatforms) = preSolution
		Debug|Any CPU = Debug|Any CPU
		Release|Any CPU = Release|Any CPU
	EndGlobalSection
	GlobalSection(ProjectConfigurationPlatforms) = postSolution
		{1507C272-9AA3-4254-8229-EE69304361CD}.Debug|Any CPU.ActiveCfg = Debug|Any CPU
		{1507C272-9AA3-4254-8229-EE69304361CD}.Debug|Any CPU.Build.0 = Debug|Any CPU
		{1507C272-9AA3-4254-8229-EE69304361CD}.Release|Any CPU.ActiveCfg = Release|Any CPU
		{1507C272-9AA3-4254-8229-EE69304361CD}.Release|Any CPU.Build.0 = Release|Any CPU
	EndGlobalSection
	GlobalSection(SolutionProperties) = preSolution
		HideSolutionNode = FALSE
	EndGlobalSection
	GlobalSection(ExtensibilityGlobals) = postSolution
		SolutionGuid = {61FEE681-07BE-4A9E-8BF4-B0088B32301A}
	EndGlobalSection
EndGlobal
