
Microsoft Visual Studio Solution File, Format Version 12.00
# Visual Studio Version 17
VisualStudioVersion = 17.6.33829.357
MinimumVisualStudioVersion = 10.0.40219.1
Project("{FAE04EC0-301F-11D3-BF4B-00C04F79EFBC}") = "WebApimvc", "WebApimvc\WebApimvc.csproj", "{2A594B60-3755-4BFC-A1B2-CB44600D3AA0}"
EndProject
Global
	GlobalSection(SolutionConfigurationPlatforms) = preSolution
		Debug|Any CPU = Debug|Any CPU
		Release|Any CPU = Release|Any CPU
	EndGlobalSection
	GlobalSection(ProjectConfigurationPlatforms) = postSolution
		{2A594B60-3755-4BFC-A1B2-CB44600D3AA0}.Debug|Any CPU.ActiveCfg = Debug|Any CPU
		{2A594B60-3755-4BFC-A1B2-CB44600D3AA0}.Debug|Any CPU.Build.0 = Debug|Any CPU
		{2A594B60-3755-4BFC-A1B2-CB44600D3AA0}.Release|Any CPU.ActiveCfg = Release|Any CPU
		{2A594B60-3755-4BFC-A1B2-CB44600D3AA0}.Release|Any CPU.Build.0 = Release|Any CPU
	EndGlobalSection
	GlobalSection(SolutionProperties) = preSolution
		HideSolutionNode = FALSE
	EndGlobalSection
	GlobalSection(ExtensibilityGlobals) = postSolution
		SolutionGuid = {C663F2A4-2924-4E27-9C6D-7F0675B82FD7}
	EndGlobalSection
EndGlobal
