
Microsoft Visual Studio Solution File, Format Version 12.00
# Visual Studio Version 17
VisualStudioVersion = 17.5.33502.453
MinimumVisualStudioVersion = 10.0.40219.1
Project("{FAE04EC0-301F-11D3-BF4B-00C04F79EFBC}") = "string_split", "string_split\string_split.csproj", "{515D215B-AA77-4C0A-A8E1-43620AC69CB2}"
EndProject
Global
	GlobalSection(SolutionConfigurationPlatforms) = preSolution
		Debug|Any CPU = Debug|Any CPU
		Release|Any CPU = Release|Any CPU
	EndGlobalSection
	GlobalSection(ProjectConfigurationPlatforms) = postSolution
		{515D215B-AA77-4C0A-A8E1-43620AC69CB2}.Debug|Any CPU.ActiveCfg = Debug|Any CPU
		{515D215B-AA77-4C0A-A8E1-43620AC69CB2}.Debug|Any CPU.Build.0 = Debug|Any CPU
		{515D215B-AA77-4C0A-A8E1-43620AC69CB2}.Release|Any CPU.ActiveCfg = Release|Any CPU
		{515D215B-AA77-4C0A-A8E1-43620AC69CB2}.Release|Any CPU.Build.0 = Release|Any CPU
	EndGlobalSection
	GlobalSection(SolutionProperties) = preSolution
		HideSolutionNode = FALSE
	EndGlobalSection
	GlobalSection(ExtensibilityGlobals) = postSolution
		SolutionGuid = {ED594D6E-75A8-44A2-875E-9D2CE448508E}
	EndGlobalSection
EndGlobal
