
Microsoft Visual Studio Solution File, Format Version 12.00
# Visual Studio Version 17
VisualStudioVersion = 17.5.33502.453
MinimumVisualStudioVersion = 10.0.40219.1
Project("{FAE04EC0-301F-11D3-BF4B-00C04F79EFBC}") = "classorder_form", "classorder_form\classorder_form.csproj", "{D57226E6-2B24-4DD8-8E94-BD202D77DDB8}"
EndProject
Global
	GlobalSection(SolutionConfigurationPlatforms) = preSolution
		Debug|Any CPU = Debug|Any CPU
		Release|Any CPU = Release|Any CPU
	EndGlobalSection
	GlobalSection(ProjectConfigurationPlatforms) = postSolution
		{D57226E6-2B24-4DD8-8E94-BD202D77DDB8}.Debug|Any CPU.ActiveCfg = Debug|Any CPU
		{D57226E6-2B24-4DD8-8E94-BD202D77DDB8}.Debug|Any CPU.Build.0 = Debug|Any CPU
		{D57226E6-2B24-4DD8-8E94-BD202D77DDB8}.Release|Any CPU.ActiveCfg = Release|Any CPU
		{D57226E6-2B24-4DD8-8E94-BD202D77DDB8}.Release|Any CPU.Build.0 = Release|Any CPU
	EndGlobalSection
	GlobalSection(SolutionProperties) = preSolution
		HideSolutionNode = FALSE
	EndGlobalSection
	GlobalSection(ExtensibilityGlobals) = postSolution
		SolutionGuid = {5FA5773C-9FFC-4602-9AA6-2247662FF355}
	EndGlobalSection
EndGlobal
