
Microsoft Visual Studio Solution File, Format Version 12.00
# Visual Studio Version 17
VisualStudioVersion = 17.5.33502.453
MinimumVisualStudioVersion = 10.0.40219.1
Project("{FAE04EC0-301F-11D3-BF4B-00C04F79EFBC}") = "Exexception_Handling", "Exexception_Handling\Exexception_Handling.csproj", "{06141D40-8370-40C7-87C6-C0B1C62B7640}"
EndProject
Global
	GlobalSection(SolutionConfigurationPlatforms) = preSolution
		Debug|Any CPU = Debug|Any CPU
		Release|Any CPU = Release|Any CPU
	EndGlobalSection
	GlobalSection(ProjectConfigurationPlatforms) = postSolution
		{06141D40-8370-40C7-87C6-C0B1C62B7640}.Debug|Any CPU.ActiveCfg = Debug|Any CPU
		{06141D40-8370-40C7-87C6-C0B1C62B7640}.Debug|Any CPU.Build.0 = Debug|Any CPU
		{06141D40-8370-40C7-87C6-C0B1C62B7640}.Release|Any CPU.ActiveCfg = Release|Any CPU
		{06141D40-8370-40C7-87C6-C0B1C62B7640}.Release|Any CPU.Build.0 = Release|Any CPU
	EndGlobalSection
	GlobalSection(SolutionProperties) = preSolution
		HideSolutionNode = FALSE
	EndGlobalSection
	GlobalSection(ExtensibilityGlobals) = postSolution
		SolutionGuid = {C7DF53F0-60C7-49CB-A5E0-DF526C1E1736}
	EndGlobalSection
EndGlobal
