
Microsoft Visual Studio Solution File, Format Version 12.00
# Visual Studio Version 17
VisualStudioVersion = 17.6.33723.286
MinimumVisualStudioVersion = 10.0.40219.1
Project("{FAE04EC0-301F-11D3-BF4B-00C04F79EFBC}") = "FormValidation", "FormValidation\FormValidation.csproj", "{95C978AC-A428-41DC-98A1-DF0811FE547A}"
EndProject
Global
	GlobalSection(SolutionConfigurationPlatforms) = preSolution
		Debug|Any CPU = Debug|Any CPU
		Release|Any CPU = Release|Any CPU
	EndGlobalSection
	GlobalSection(ProjectConfigurationPlatforms) = postSolution
		{95C978AC-A428-41DC-98A1-DF0811FE547A}.Debug|Any CPU.ActiveCfg = Debug|Any CPU
		{95C978AC-A428-41DC-98A1-DF0811FE547A}.Debug|Any CPU.Build.0 = Debug|Any CPU
		{95C978AC-A428-41DC-98A1-DF0811FE547A}.Release|Any CPU.ActiveCfg = Release|Any CPU
		{95C978AC-A428-41DC-98A1-DF0811FE547A}.Release|Any CPU.Build.0 = Release|Any CPU
	EndGlobalSection
	GlobalSection(SolutionProperties) = preSolution
		HideSolutionNode = FALSE
	EndGlobalSection
	GlobalSection(ExtensibilityGlobals) = postSolution
		SolutionGuid = {D842A927-28F1-412E-8423-378BD1038F22}
	EndGlobalSection
EndGlobal
