
Microsoft Visual Studio Solution File, Format Version 12.00
# Visual Studio Version 17
VisualStudioVersion = 17.5.33502.453
MinimumVisualStudioVersion = 10.0.40219.1
Project("{FAE04EC0-301F-11D3-BF4B-00C04F79EFBC}") = "Account_runtime", "Account_runtime\Account_runtime.csproj", "{35FA13C1-76A8-403E-B384-A1687EE36C56}"
EndProject
Global
	GlobalSection(SolutionConfigurationPlatforms) = preSolution
		Debug|Any CPU = Debug|Any CPU
		Release|Any CPU = Release|Any CPU
	EndGlobalSection
	GlobalSection(ProjectConfigurationPlatforms) = postSolution
		{35FA13C1-76A8-403E-B384-A1687EE36C56}.Debug|Any CPU.ActiveCfg = Debug|Any CPU
		{35FA13C1-76A8-403E-B384-A1687EE36C56}.Debug|Any CPU.Build.0 = Debug|Any CPU
		{35FA13C1-76A8-403E-B384-A1687EE36C56}.Release|Any CPU.ActiveCfg = Release|Any CPU
		{35FA13C1-76A8-403E-B384-A1687EE36C56}.Release|Any CPU.Build.0 = Release|Any CPU
	EndGlobalSection
	GlobalSection(SolutionProperties) = preSolution
		HideSolutionNode = FALSE
	EndGlobalSection
	GlobalSection(ExtensibilityGlobals) = postSolution
		SolutionGuid = {90215D8C-55A5-49A1-8FDB-5A9F4A876009}
	EndGlobalSection
EndGlobal
