
Microsoft Visual Studio Solution File, Format Version 12.00
# Visual Studio Version 17
VisualStudioVersion = 17.5.33502.453
MinimumVisualStudioVersion = 10.0.40219.1
Project("{FAE04EC0-301F-11D3-BF4B-00C04F79EFBC}") = "resultusingarray", "resultusingarray\resultusingarray.csproj", "{325DE705-E0BB-443B-ABE0-B06FFE615BAE}"
EndProject
Global
	GlobalSection(SolutionConfigurationPlatforms) = preSolution
		Debug|Any CPU = Debug|Any CPU
		Release|Any CPU = Release|Any CPU
	EndGlobalSection
	GlobalSection(ProjectConfigurationPlatforms) = postSolution
		{325DE705-E0BB-443B-ABE0-B06FFE615BAE}.Debug|Any CPU.ActiveCfg = Debug|Any CPU
		{325DE705-E0BB-443B-ABE0-B06FFE615BAE}.Debug|Any CPU.Build.0 = Debug|Any CPU
		{325DE705-E0BB-443B-ABE0-B06FFE615BAE}.Release|Any CPU.ActiveCfg = Release|Any CPU
		{325DE705-E0BB-443B-ABE0-B06FFE615BAE}.Release|Any CPU.Build.0 = Release|Any CPU
	EndGlobalSection
	GlobalSection(SolutionProperties) = preSolution
		HideSolutionNode = FALSE
	EndGlobalSection
	GlobalSection(ExtensibilityGlobals) = postSolution
		SolutionGuid = {D238C17A-A827-4F26-A38E-C1E5E74D4276}
	EndGlobalSection
EndGlobal
