
Microsoft Visual Studio Solution File, Format Version 12.00
# Visual Studio Version 17
VisualStudioVersion = 17.5.33502.453
MinimumVisualStudioVersion = 10.0.40219.1
Project("{FAE04EC0-301F-11D3-BF4B-00C04F79EFBC}") = "temporarycookie", "temporarycookie\temporarycookie.csproj", "{755C6D3F-CD25-4A58-9316-C17E699CAC92}"
EndProject
Global
	GlobalSection(SolutionConfigurationPlatforms) = preSolution
		Debug|Any CPU = Debug|Any CPU
		Release|Any CPU = Release|Any CPU
	EndGlobalSection
	GlobalSection(ProjectConfigurationPlatforms) = postSolution
		{755C6D3F-CD25-4A58-9316-C17E699CAC92}.Debug|Any CPU.ActiveCfg = Debug|Any CPU
		{755C6D3F-CD25-4A58-9316-C17E699CAC92}.Debug|Any CPU.Build.0 = Debug|Any CPU
		{755C6D3F-CD25-4A58-9316-C17E699CAC92}.Release|Any CPU.ActiveCfg = Release|Any CPU
		{755C6D3F-CD25-4A58-9316-C17E699CAC92}.Release|Any CPU.Build.0 = Release|Any CPU
	EndGlobalSection
	GlobalSection(SolutionProperties) = preSolution
		HideSolutionNode = FALSE
	EndGlobalSection
	GlobalSection(ExtensibilityGlobals) = postSolution
		SolutionGuid = {41B2EEB0-7C00-4601-A86B-5639B44592BF}
	EndGlobalSection
EndGlobal
