
Microsoft Visual Studio Solution File, Format Version 12.00
# Visual Studio Version 17
VisualStudioVersion = 17.5.33502.453
MinimumVisualStudioVersion = 10.0.40219.1
Project("{FAE04EC0-301F-11D3-BF4B-00C04F79EFBC}") = "method_overriding", "method_overriding\method_overriding.csproj", "{E30B48DA-86BC-4EA7-BD20-9A93F899D2CE}"
EndProject
Global
	GlobalSection(SolutionConfigurationPlatforms) = preSolution
		Debug|Any CPU = Debug|Any CPU
		Release|Any CPU = Release|Any CPU
	EndGlobalSection
	GlobalSection(ProjectConfigurationPlatforms) = postSolution
		{E30B48DA-86BC-4EA7-BD20-9A93F899D2CE}.Debug|Any CPU.ActiveCfg = Debug|Any CPU
		{E30B48DA-86BC-4EA7-BD20-9A93F899D2CE}.Debug|Any CPU.Build.0 = Debug|Any CPU
		{E30B48DA-86BC-4EA7-BD20-9A93F899D2CE}.Release|Any CPU.ActiveCfg = Release|Any CPU
		{E30B48DA-86BC-4EA7-BD20-9A93F899D2CE}.Release|Any CPU.Build.0 = Release|Any CPU
	EndGlobalSection
	GlobalSection(SolutionProperties) = preSolution
		HideSolutionNode = FALSE
	EndGlobalSection
	GlobalSection(ExtensibilityGlobals) = postSolution
		SolutionGuid = {F5FF7774-F208-4AC5-817C-7EE52C4BB2C3}
	EndGlobalSection
EndGlobal
