
Microsoft Visual Studio Solution File, Format Version 12.00
# Visual Studio Version 17
VisualStudioVersion = 17.5.33502.453
MinimumVisualStudioVersion = 10.0.40219.1
Project("{FAE04EC0-301F-11D3-BF4B-00C04F79EFBC}") = "pattern6", "pattern6\pattern6.csproj", "{EBBAC9D3-9B7C-478D-A6BD-6F6FAD9D27DB}"
EndProject
Global
	GlobalSection(SolutionConfigurationPlatforms) = preSolution
		Debug|Any CPU = Debug|Any CPU
		Release|Any CPU = Release|Any CPU
	EndGlobalSection
	GlobalSection(ProjectConfigurationPlatforms) = postSolution
		{EBBAC9D3-9B7C-478D-A6BD-6F6FAD9D27DB}.Debug|Any CPU.ActiveCfg = Debug|Any CPU
		{EBBAC9D3-9B7C-478D-A6BD-6F6FAD9D27DB}.Debug|Any CPU.Build.0 = Debug|Any CPU
		{EBBAC9D3-9B7C-478D-A6BD-6F6FAD9D27DB}.Release|Any CPU.ActiveCfg = Release|Any CPU
		{EBBAC9D3-9B7C-478D-A6BD-6F6FAD9D27DB}.Release|Any CPU.Build.0 = Release|Any CPU
	EndGlobalSection
	GlobalSection(SolutionProperties) = preSolution
		HideSolutionNode = FALSE
	EndGlobalSection
	GlobalSection(ExtensibilityGlobals) = postSolution
		SolutionGuid = {7848FD90-CEEF-4811-BDDE-2CDF5822CBA6}
	EndGlobalSection
EndGlobal
