
Microsoft Visual Studio Solution File, Format Version 12.00
# Visual Studio Version 17
VisualStudioVersion = 17.5.33502.453
MinimumVisualStudioVersion = 10.0.40219.1
Project("{FAE04EC0-301F-11D3-BF4B-00C04F79EFBC}") = "country", "country\country.csproj", "{77A700DB-9CE0-4FEB-9D32-C95EEEB2AD1A}"
EndProject
Global
	GlobalSection(SolutionConfigurationPlatforms) = preSolution
		Debug|Any CPU = Debug|Any CPU
		Release|Any CPU = Release|Any CPU
	EndGlobalSection
	GlobalSection(ProjectConfigurationPlatforms) = postSolution
		{77A700DB-9CE0-4FEB-9D32-C95EEEB2AD1A}.Debug|Any CPU.ActiveCfg = Debug|Any CPU
		{77A700DB-9CE0-4FEB-9D32-C95EEEB2AD1A}.Debug|Any CPU.Build.0 = Debug|Any CPU
		{77A700DB-9CE0-4FEB-9D32-C95EEEB2AD1A}.Release|Any CPU.ActiveCfg = Release|Any CPU
		{77A700DB-9CE0-4FEB-9D32-C95EEEB2AD1A}.Release|Any CPU.Build.0 = Release|Any CPU
	EndGlobalSection
	GlobalSection(SolutionProperties) = preSolution
		HideSolutionNode = FALSE
	EndGlobalSection
	GlobalSection(ExtensibilityGlobals) = postSolution
		SolutionGuid = {A7F3FAE9-FE85-46D4-B379-0C38404CEED5}
	EndGlobalSection
EndGlobal
