
Microsoft Visual Studio Solution File, Format Version 12.00
# Visual Studio Version 17
VisualStudioVersion = 17.5.33502.453
MinimumVisualStudioVersion = 10.0.40219.1
Project("{FAE04EC0-301F-11D3-BF4B-00C04F79EFBC}") = "string_palinndrome", "string_palinndrome\string_palinndrome.csproj", "{BFD5A619-35AC-4549-8DD5-1CABE6992A01}"
EndProject
Global
	GlobalSection(SolutionConfigurationPlatforms) = preSolution
		Debug|Any CPU = Debug|Any CPU
		Release|Any CPU = Release|Any CPU
	EndGlobalSection
	GlobalSection(ProjectConfigurationPlatforms) = postSolution
		{BFD5A619-35AC-4549-8DD5-1CABE6992A01}.Debug|Any CPU.ActiveCfg = Debug|Any CPU
		{BFD5A619-35AC-4549-8DD5-1CABE6992A01}.Debug|Any CPU.Build.0 = Debug|Any CPU
		{BFD5A619-35AC-4549-8DD5-1CABE6992A01}.Release|Any CPU.ActiveCfg = Release|Any CPU
		{BFD5A619-35AC-4549-8DD5-1CABE6992A01}.Release|Any CPU.Build.0 = Release|Any CPU
	EndGlobalSection
	GlobalSection(SolutionProperties) = preSolution
		HideSolutionNode = FALSE
	EndGlobalSection
	GlobalSection(ExtensibilityGlobals) = postSolution
		SolutionGuid = {34AEC324-EF34-49C8-97A9-42A3CF4253C4}
	EndGlobalSection
EndGlobal
