
Microsoft Visual Studio Solution File, Format Version 12.00
# Visual Studio Version 17
VisualStudioVersion = 17.5.33502.453
MinimumVisualStudioVersion = 10.0.40219.1
Project("{FAE04EC0-301F-11D3-BF4B-00C04F79EFBC}") = "checkprime number", "checkprime number\checkprime number.csproj", "{DDAB669E-F10F-4BB2-8168-B81422C104C7}"
EndProject
Global
	GlobalSection(SolutionConfigurationPlatforms) = preSolution
		Debug|Any CPU = Debug|Any CPU
		Release|Any CPU = Release|Any CPU
	EndGlobalSection
	GlobalSection(ProjectConfigurationPlatforms) = postSolution
		{DDAB669E-F10F-4BB2-8168-B81422C104C7}.Debug|Any CPU.ActiveCfg = Debug|Any CPU
		{DDAB669E-F10F-4BB2-8168-B81422C104C7}.Debug|Any CPU.Build.0 = Debug|Any CPU
		{DDAB669E-F10F-4BB2-8168-B81422C104C7}.Release|Any CPU.ActiveCfg = Release|Any CPU
		{DDAB669E-F10F-4BB2-8168-B81422C104C7}.Release|Any CPU.Build.0 = Release|Any CPU
	EndGlobalSection
	GlobalSection(SolutionProperties) = preSolution
		HideSolutionNode = FALSE
	EndGlobalSection
	GlobalSection(ExtensibilityGlobals) = postSolution
		SolutionGuid = {C3E48F3D-1AC6-4A8D-B110-AE4A7A091D95}
	EndGlobalSection
EndGlobal
