
Microsoft Visual Studio Solution File, Format Version 12.00
# Visual Studio Version 17
VisualStudioVersion = 17.5.33502.453
MinimumVisualStudioVersion = 10.0.40219.1
Project("{FAE04EC0-301F-11D3-BF4B-00C04F79EFBC}") = "aspvalidationcontrol", "aspvalidationcontrol\aspvalidationcontrol.csproj", "{3FAD7144-65AA-4831-AA98-9C92DF48A664}"
EndProject
Global
	GlobalSection(SolutionConfigurationPlatforms) = preSolution
		Debug|Any CPU = Debug|Any CPU
		Release|Any CPU = Release|Any CPU
	EndGlobalSection
	GlobalSection(ProjectConfigurationPlatforms) = postSolution
		{3FAD7144-65AA-4831-AA98-9C92DF48A664}.Debug|Any CPU.ActiveCfg = Debug|Any CPU
		{3FAD7144-65AA-4831-AA98-9C92DF48A664}.Debug|Any CPU.Build.0 = Debug|Any CPU
		{3FAD7144-65AA-4831-AA98-9C92DF48A664}.Release|Any CPU.ActiveCfg = Release|Any CPU
		{3FAD7144-65AA-4831-AA98-9C92DF48A664}.Release|Any CPU.Build.0 = Release|Any CPU
	EndGlobalSection
	GlobalSection(SolutionProperties) = preSolution
		HideSolutionNode = FALSE
	EndGlobalSection
	GlobalSection(ExtensibilityGlobals) = postSolution
		SolutionGuid = {33D562BA-9F56-4364-92CA-180CFB9D4AC2}
	EndGlobalSection
EndGlobal
