
Microsoft Visual Studio Solution File, Format Version 12.00
# Visual Studio Version 17
VisualStudioVersion = 17.5.33502.453
MinimumVisualStudioVersion = 10.0.40219.1
Project("{FAE04EC0-301F-11D3-BF4B-00C04F79EFBC}") = "indexofproperty", "indexofproperty\indexofproperty.csproj", "{5EBB4A28-06CF-4F11-8ADD-EE4FD5F6CDC1}"
EndProject
Global
	GlobalSection(SolutionConfigurationPlatforms) = preSolution
		Debug|Any CPU = Debug|Any CPU
		Release|Any CPU = Release|Any CPU
	EndGlobalSection
	GlobalSection(ProjectConfigurationPlatforms) = postSolution
		{5EBB4A28-06CF-4F11-8ADD-EE4FD5F6CDC1}.Debug|Any CPU.ActiveCfg = Debug|Any CPU
		{5EBB4A28-06CF-4F11-8ADD-EE4FD5F6CDC1}.Debug|Any CPU.Build.0 = Debug|Any CPU
		{5EBB4A28-06CF-4F11-8ADD-EE4FD5F6CDC1}.Release|Any CPU.ActiveCfg = Release|Any CPU
		{5EBB4A28-06CF-4F11-8ADD-EE4FD5F6CDC1}.Release|Any CPU.Build.0 = Release|Any CPU
	EndGlobalSection
	GlobalSection(SolutionProperties) = preSolution
		HideSolutionNode = FALSE
	EndGlobalSection
	GlobalSection(ExtensibilityGlobals) = postSolution
		SolutionGuid = {FD60C7FC-680A-4022-AE0D-4E14D78B56AE}
	EndGlobalSection
EndGlobal
