
Microsoft Visual Studio Solution File, Format Version 12.00
# Visual Studio Version 17
VisualStudioVersion = 17.5.33502.453
MinimumVisualStudioVersion = 10.0.40219.1
Project("{FAE04EC0-301F-11D3-BF4B-00C04F79EFBC}") = "classproduct_fromuser", "classproduct_fromuser\classproduct_fromuser.csproj", "{177EA4E3-642A-41A2-8246-CD06AC60B150}"
EndProject
Global
	GlobalSection(SolutionConfigurationPlatforms) = preSolution
		Debug|Any CPU = Debug|Any CPU
		Release|Any CPU = Release|Any CPU
	EndGlobalSection
	GlobalSection(ProjectConfigurationPlatforms) = postSolution
		{177EA4E3-642A-41A2-8246-CD06AC60B150}.Debug|Any CPU.ActiveCfg = Debug|Any CPU
		{177EA4E3-642A-41A2-8246-CD06AC60B150}.Debug|Any CPU.Build.0 = Debug|Any CPU
		{177EA4E3-642A-41A2-8246-CD06AC60B150}.Release|Any CPU.ActiveCfg = Release|Any CPU
		{177EA4E3-642A-41A2-8246-CD06AC60B150}.Release|Any CPU.Build.0 = Release|Any CPU
	EndGlobalSection
	GlobalSection(SolutionProperties) = preSolution
		HideSolutionNode = FALSE
	EndGlobalSection
	GlobalSection(ExtensibilityGlobals) = postSolution
		SolutionGuid = {4D3A6CB9-682C-424C-88BA-6EB84B452F96}
	EndGlobalSection
EndGlobal
