
Microsoft Visual Studio Solution File, Format Version 12.00
# Visual Studio Version 17
VisualStudioVersion = 17.6.33815.320
MinimumVisualStudioVersion = 10.0.40219.1
Project("{FAE04EC0-301F-11D3-BF4B-00C04F79EFBC}") = "jqueryProduct", "jqueryProduct\jqueryProduct.csproj", "{13B75E44-7405-4AAA-AC8B-BD42FEBB038B}"
EndProject
Global
	GlobalSection(SolutionConfigurationPlatforms) = preSolution
		Debug|Any CPU = Debug|Any CPU
		Release|Any CPU = Release|Any CPU
	EndGlobalSection
	GlobalSection(ProjectConfigurationPlatforms) = postSolution
		{13B75E44-7405-4AAA-AC8B-BD42FEBB038B}.Debug|Any CPU.ActiveCfg = Debug|Any CPU
		{13B75E44-7405-4AAA-AC8B-BD42FEBB038B}.Debug|Any CPU.Build.0 = Debug|Any CPU
		{13B75E44-7405-4AAA-AC8B-BD42FEBB038B}.Release|Any CPU.ActiveCfg = Release|Any CPU
		{13B75E44-7405-4AAA-AC8B-BD42FEBB038B}.Release|Any CPU.Build.0 = Release|Any CPU
	EndGlobalSection
	GlobalSection(SolutionProperties) = preSolution
		HideSolutionNode = FALSE
	EndGlobalSection
	GlobalSection(ExtensibilityGlobals) = postSolution
		SolutionGuid = {2A59D901-9346-405D-94A7-CC1AD0E75BB0}
	EndGlobalSection
EndGlobal
