
Microsoft Visual Studio Solution File, Format Version 12.00
# Visual Studio Version 17
VisualStudioVersion = 17.6.33723.286
MinimumVisualStudioVersion = 10.0.40219.1
Project("{FAE04EC0-301F-11D3-BF4B-00C04F79EFBC}") = "TrustpwithClasslibrary", "TrustpwithClasslibrary\TrustpwithClasslibrary.csproj", "{5A9D4E29-E2E5-4F1C-8A09-DAC095D157E5}"
EndProject
Global
	GlobalSection(SolutionConfigurationPlatforms) = preSolution
		Debug|Any CPU = Debug|Any CPU
		Release|Any CPU = Release|Any CPU
	EndGlobalSection
	GlobalSection(ProjectConfigurationPlatforms) = postSolution
		{5A9D4E29-E2E5-4F1C-8A09-DAC095D157E5}.Debug|Any CPU.ActiveCfg = Debug|Any CPU
		{5A9D4E29-E2E5-4F1C-8A09-DAC095D157E5}.Debug|Any CPU.Build.0 = Debug|Any CPU
		{5A9D4E29-E2E5-4F1C-8A09-DAC095D157E5}.Release|Any CPU.ActiveCfg = Release|Any CPU
		{5A9D4E29-E2E5-4F1C-8A09-DAC095D157E5}.Release|Any CPU.Build.0 = Release|Any CPU
	EndGlobalSection
	GlobalSection(SolutionProperties) = preSolution
		HideSolutionNode = FALSE
	EndGlobalSection
	GlobalSection(ExtensibilityGlobals) = postSolution
		SolutionGuid = {C4EECEE2-DBBB-47D5-B117-EA437A98605C}
	EndGlobalSection
EndGlobal
