
Microsoft Visual Studio Solution File, Format Version 12.00
# Visual Studio Version 17
VisualStudioVersion = 17.5.33502.453
MinimumVisualStudioVersion = 10.0.40219.1
Project("{FAE04EC0-301F-11D3-BF4B-00C04F79EFBC}") = "parametrizeconstructor", "parametrizeconstructor\parametrizeconstructor.csproj", "{C2D1A07A-DFC5-4B69-979E-941F6DD1FB1E}"
EndProject
Global
	GlobalSection(SolutionConfigurationPlatforms) = preSolution
		Debug|Any CPU = Debug|Any CPU
		Release|Any CPU = Release|Any CPU
	EndGlobalSection
	GlobalSection(ProjectConfigurationPlatforms) = postSolution
		{C2D1A07A-DFC5-4B69-979E-941F6DD1FB1E}.Debug|Any CPU.ActiveCfg = Debug|Any CPU
		{C2D1A07A-DFC5-4B69-979E-941F6DD1FB1E}.Debug|Any CPU.Build.0 = Debug|Any CPU
		{C2D1A07A-DFC5-4B69-979E-941F6DD1FB1E}.Release|Any CPU.ActiveCfg = Release|Any CPU
		{C2D1A07A-DFC5-4B69-979E-941F6DD1FB1E}.Release|Any CPU.Build.0 = Release|Any CPU
	EndGlobalSection
	GlobalSection(SolutionProperties) = preSolution
		HideSolutionNode = FALSE
	EndGlobalSection
	GlobalSection(ExtensibilityGlobals) = postSolution
		SolutionGuid = {BD5FBD4D-05DD-423C-889F-8E20C0E86156}
	EndGlobalSection
EndGlobal
