
Microsoft Visual Studio Solution File, Format Version 12.00
# Visual Studio Version 17
VisualStudioVersion = 17.5.33502.453
MinimumVisualStudioVersion = 10.0.40219.1
Project("{FAE04EC0-301F-11D3-BF4B-00C04F79EFBC}") = "classcustm_withpara", "classcustm_withpara\classcustm_withpara.csproj", "{C42ABD52-9442-4E30-A56F-949AB6CA4F03}"
EndProject
Global
	GlobalSection(SolutionConfigurationPlatforms) = preSolution
		Debug|Any CPU = Debug|Any CPU
		Release|Any CPU = Release|Any CPU
	EndGlobalSection
	GlobalSection(ProjectConfigurationPlatforms) = postSolution
		{C42ABD52-9442-4E30-A56F-949AB6CA4F03}.Debug|Any CPU.ActiveCfg = Debug|Any CPU
		{C42ABD52-9442-4E30-A56F-949AB6CA4F03}.Debug|Any CPU.Build.0 = Debug|Any CPU
		{C42ABD52-9442-4E30-A56F-949AB6CA4F03}.Release|Any CPU.ActiveCfg = Release|Any CPU
		{C42ABD52-9442-4E30-A56F-949AB6CA4F03}.Release|Any CPU.Build.0 = Release|Any CPU
	EndGlobalSection
	GlobalSection(SolutionProperties) = preSolution
		HideSolutionNode = FALSE
	EndGlobalSection
	GlobalSection(ExtensibilityGlobals) = postSolution
		SolutionGuid = {B985FD55-5E5E-4592-AA89-245DC6ECD9D2}
	EndGlobalSection
EndGlobal
