
Microsoft Visual Studio Solution File, Format Version 12.00
# Visual Studio Version 17
VisualStudioVersion = 17.5.33502.453
MinimumVisualStudioVersion = 10.0.40219.1
Project("{FAE04EC0-301F-11D3-BF4B-00C04F79EFBC}") = "Instituteproject", "Instituteproject\Instituteproject.csproj", "{B55893F0-FA10-4CF7-BCAA-8B242F979F57}"
EndProject
Global
	GlobalSection(SolutionConfigurationPlatforms) = preSolution
		Debug|Any CPU = Debug|Any CPU
		Release|Any CPU = Release|Any CPU
	EndGlobalSection
	GlobalSection(ProjectConfigurationPlatforms) = postSolution
		{B55893F0-FA10-4CF7-BCAA-8B242F979F57}.Debug|Any CPU.ActiveCfg = Debug|Any CPU
		{B55893F0-FA10-4CF7-BCAA-8B242F979F57}.Debug|Any CPU.Build.0 = Debug|Any CPU
		{B55893F0-FA10-4CF7-BCAA-8B242F979F57}.Release|Any CPU.ActiveCfg = Release|Any CPU
		{B55893F0-FA10-4CF7-BCAA-8B242F979F57}.Release|Any CPU.Build.0 = Release|Any CPU
	EndGlobalSection
	GlobalSection(SolutionProperties) = preSolution
		HideSolutionNode = FALSE
	EndGlobalSection
	GlobalSection(ExtensibilityGlobals) = postSolution
		SolutionGuid = {0630F216-8AF3-4A80-88DA-A9DD95A5F097}
	EndGlobalSection
EndGlobal
