
Microsoft Visual Studio Solution File, Format Version 12.00
# Visual Studio Version 17
VisualStudioVersion = 17.5.33502.453
MinimumVisualStudioVersion = 10.0.40219.1
Project("{FAE04EC0-301F-11D3-BF4B-00C04F79EFBC}") = "show_index", "show_index\show_index.csproj", "{091C82CD-4BA1-478A-8834-F2CEF2EC9D8B}"
EndProject
Global
	GlobalSection(SolutionConfigurationPlatforms) = preSolution
		Debug|Any CPU = Debug|Any CPU
		Release|Any CPU = Release|Any CPU
	EndGlobalSection
	GlobalSection(ProjectConfigurationPlatforms) = postSolution
		{091C82CD-4BA1-478A-8834-F2CEF2EC9D8B}.Debug|Any CPU.ActiveCfg = Debug|Any CPU
		{091C82CD-4BA1-478A-8834-F2CEF2EC9D8B}.Debug|Any CPU.Build.0 = Debug|Any CPU
		{091C82CD-4BA1-478A-8834-F2CEF2EC9D8B}.Release|Any CPU.ActiveCfg = Release|Any CPU
		{091C82CD-4BA1-478A-8834-F2CEF2EC9D8B}.Release|Any CPU.Build.0 = Release|Any CPU
	EndGlobalSection
	GlobalSection(SolutionProperties) = preSolution
		HideSolutionNode = FALSE
	EndGlobalSection
	GlobalSection(ExtensibilityGlobals) = postSolution
		SolutionGuid = {B8260C42-60AF-489D-9A8D-6150E00792A2}
	EndGlobalSection
EndGlobal
