
Microsoft Visual Studio Solution File, Format Version 12.00
# Visual Studio Version 17
VisualStudioVersion = 17.5.33502.453
MinimumVisualStudioVersion = 10.0.40219.1
Project("{FAE04EC0-301F-11D3-BF4B-00C04F79EFBC}") = "csharpass2", "csharpass2\csharpass2.csproj", "{9BC2C1A1-AA62-40BE-B903-D1005C6F12B9}"
EndProject
Global
	GlobalSection(SolutionConfigurationPlatforms) = preSolution
		Debug|Any CPU = Debug|Any CPU
		Release|Any CPU = Release|Any CPU
	EndGlobalSection
	GlobalSection(ProjectConfigurationPlatforms) = postSolution
		{9BC2C1A1-AA62-40BE-B903-D1005C6F12B9}.Debug|Any CPU.ActiveCfg = Debug|Any CPU
		{9BC2C1A1-AA62-40BE-B903-D1005C6F12B9}.Debug|Any CPU.Build.0 = Debug|Any CPU
		{9BC2C1A1-AA62-40BE-B903-D1005C6F12B9}.Release|Any CPU.ActiveCfg = Release|Any CPU
		{9BC2C1A1-AA62-40BE-B903-D1005C6F12B9}.Release|Any CPU.Build.0 = Release|Any CPU
	EndGlobalSection
	GlobalSection(SolutionProperties) = preSolution
		HideSolutionNode = FALSE
	EndGlobalSection
	GlobalSection(ExtensibilityGlobals) = postSolution
		SolutionGuid = {5AA61F97-D05A-4E9C-9B8B-93913DABB6C9}
	EndGlobalSection
EndGlobal
