
Microsoft Visual Studio Solution File, Format Version 12.00
# Visual Studio Version 17
VisualStudioVersion = 17.5.33502.453
MinimumVisualStudioVersion = 10.0.40219.1
Project("{FAE04EC0-301F-11D3-BF4B-00C04F79EFBC}") = "string_format", "string_format\string_format.csproj", "{C3B199EA-B4AC-4B26-A645-58F415DCB4B6}"
EndProject
Global
	GlobalSection(SolutionConfigurationPlatforms) = preSolution
		Debug|Any CPU = Debug|Any CPU
		Release|Any CPU = Release|Any CPU
	EndGlobalSection
	GlobalSection(ProjectConfigurationPlatforms) = postSolution
		{C3B199EA-B4AC-4B26-A645-58F415DCB4B6}.Debug|Any CPU.ActiveCfg = Debug|Any CPU
		{C3B199EA-B4AC-4B26-A645-58F415DCB4B6}.Debug|Any CPU.Build.0 = Debug|Any CPU
		{C3B199EA-B4AC-4B26-A645-58F415DCB4B6}.Release|Any CPU.ActiveCfg = Release|Any CPU
		{C3B199EA-B4AC-4B26-A645-58F415DCB4B6}.Release|Any CPU.Build.0 = Release|Any CPU
	EndGlobalSection
	GlobalSection(SolutionProperties) = preSolution
		HideSolutionNode = FALSE
	EndGlobalSection
	GlobalSection(ExtensibilityGlobals) = postSolution
		SolutionGuid = {B6786989-E8A3-4937-B5D2-F574C5EC3B37}
	EndGlobalSection
EndGlobal
