
Microsoft Visual Studio Solution File, Format Version 12.00
# Visual Studio Version 17
VisualStudioVersion = 17.6.33829.357
MinimumVisualStudioVersion = 10.0.40219.1
Project("{FAE04EC0-301F-11D3-BF4B-00C04F79EFBC}") = "aarraylistremove", "aarraylistremove\aarraylistremove.csproj", "{FFB896FE-C73D-4C9B-A0FE-FCADCB8F75D1}"
EndProject
Global
	GlobalSection(SolutionConfigurationPlatforms) = preSolution
		Debug|Any CPU = Debug|Any CPU
		Release|Any CPU = Release|Any CPU
	EndGlobalSection
	GlobalSection(ProjectConfigurationPlatforms) = postSolution
		{FFB896FE-C73D-4C9B-A0FE-FCADCB8F75D1}.Debug|Any CPU.ActiveCfg = Debug|Any CPU
		{FFB896FE-C73D-4C9B-A0FE-FCADCB8F75D1}.Debug|Any CPU.Build.0 = Debug|Any CPU
		{FFB896FE-C73D-4C9B-A0FE-FCADCB8F75D1}.Release|Any CPU.ActiveCfg = Release|Any CPU
		{FFB896FE-C73D-4C9B-A0FE-FCADCB8F75D1}.Release|Any CPU.Build.0 = Release|Any CPU
	EndGlobalSection
	GlobalSection(SolutionProperties) = preSolution
		HideSolutionNode = FALSE
	EndGlobalSection
	GlobalSection(ExtensibilityGlobals) = postSolution
		SolutionGuid = {304C6CD2-80D9-40BF-8FCA-C41509615B78}
	EndGlobalSection
EndGlobal
