
Microsoft Visual Studio Solution File, Format Version 12.00
# Visual Studio Version 17
VisualStudioVersion = 17.6.33723.286
MinimumVisualStudioVersion = 10.0.40219.1
Project("{FAE04EC0-301F-11D3-BF4B-00C04F79EFBC}") = "signupform", "signupform\signupform.csproj", "{C6E72AE7-C71F-46B9-8010-D940E38CD7ED}"
EndProject
Global
	GlobalSection(SolutionConfigurationPlatforms) = preSolution
		Debug|Any CPU = Debug|Any CPU
		Release|Any CPU = Release|Any CPU
	EndGlobalSection
	GlobalSection(ProjectConfigurationPlatforms) = postSolution
		{C6E72AE7-C71F-46B9-8010-D940E38CD7ED}.Debug|Any CPU.ActiveCfg = Debug|Any CPU
		{C6E72AE7-C71F-46B9-8010-D940E38CD7ED}.Debug|Any CPU.Build.0 = Debug|Any CPU
		{C6E72AE7-C71F-46B9-8010-D940E38CD7ED}.Release|Any CPU.ActiveCfg = Release|Any CPU
		{C6E72AE7-C71F-46B9-8010-D940E38CD7ED}.Release|Any CPU.Build.0 = Release|Any CPU
	EndGlobalSection
	GlobalSection(SolutionProperties) = preSolution
		HideSolutionNode = FALSE
	EndGlobalSection
	GlobalSection(ExtensibilityGlobals) = postSolution
		SolutionGuid = {61BB683C-B405-4D3B-B782-63AB394FE6BA}
	EndGlobalSection
EndGlobal
