
Microsoft Visual Studio Solution File, Format Version 12.00
# Visual Studio Version 17
VisualStudioVersion = 17.5.33502.453
MinimumVisualStudioVersion = 10.0.40219.1
Project("{FAE04EC0-301F-11D3-BF4B-00C04F79EFBC}") = "methodaddsub", "methodaddsub\methodaddsub.csproj", "{FFF5B0EE-52AF-405A-9875-8F33AA11D755}"
EndProject
Global
	GlobalSection(SolutionConfigurationPlatforms) = preSolution
		Debug|Any CPU = Debug|Any CPU
		Release|Any CPU = Release|Any CPU
	EndGlobalSection
	GlobalSection(ProjectConfigurationPlatforms) = postSolution
		{FFF5B0EE-52AF-405A-9875-8F33AA11D755}.Debug|Any CPU.ActiveCfg = Debug|Any CPU
		{FFF5B0EE-52AF-405A-9875-8F33AA11D755}.Debug|Any CPU.Build.0 = Debug|Any CPU
		{FFF5B0EE-52AF-405A-9875-8F33AA11D755}.Release|Any CPU.ActiveCfg = Release|Any CPU
		{FFF5B0EE-52AF-405A-9875-8F33AA11D755}.Release|Any CPU.Build.0 = Release|Any CPU
	EndGlobalSection
	GlobalSection(SolutionProperties) = preSolution
		HideSolutionNode = FALSE
	EndGlobalSection
	GlobalSection(ExtensibilityGlobals) = postSolution
		SolutionGuid = {C8A63B11-7FB6-46C2-BEF4-5641396846AB}
	EndGlobalSection
EndGlobal
