
Microsoft Visual Studio Solution File, Format Version 12.00
# Visual Studio Version 17
VisualStudioVersion = 17.5.33502.453
MinimumVisualStudioVersion = 10.0.40219.1
Project("{FAE04EC0-301F-11D3-BF4B-00C04F79EFBC}") = "string_equals", "string_equals\string_equals.csproj", "{2E983A04-E5DB-422D-86CA-0EE81259E16C}"
EndProject
Global
	GlobalSection(SolutionConfigurationPlatforms) = preSolution
		Debug|Any CPU = Debug|Any CPU
		Release|Any CPU = Release|Any CPU
	EndGlobalSection
	GlobalSection(ProjectConfigurationPlatforms) = postSolution
		{2E983A04-E5DB-422D-86CA-0EE81259E16C}.Debug|Any CPU.ActiveCfg = Debug|Any CPU
		{2E983A04-E5DB-422D-86CA-0EE81259E16C}.Debug|Any CPU.Build.0 = Debug|Any CPU
		{2E983A04-E5DB-422D-86CA-0EE81259E16C}.Release|Any CPU.ActiveCfg = Release|Any CPU
		{2E983A04-E5DB-422D-86CA-0EE81259E16C}.Release|Any CPU.Build.0 = Release|Any CPU
	EndGlobalSection
	GlobalSection(SolutionProperties) = preSolution
		HideSolutionNode = FALSE
	EndGlobalSection
	GlobalSection(ExtensibilityGlobals) = postSolution
		SolutionGuid = {DA5EA9BF-E8D2-4E5D-A0C6-53A08458F93B}
	EndGlobalSection
EndGlobal
