
Microsoft Visual Studio Solution File, Format Version 12.00
# Visual Studio Version 17
VisualStudioVersion = 17.5.33502.453
MinimumVisualStudioVersion = 10.0.40219.1
Project("{FAE04EC0-301F-11D3-BF4B-00C04F79EFBC}") = "runtome_overriding", "runtome_overriding\runtome_overriding.csproj", "{F31F9889-4C96-47DF-B1F8-0DB5E7FB6894}"
EndProject
Global
	GlobalSection(SolutionConfigurationPlatforms) = preSolution
		Debug|Any CPU = Debug|Any CPU
		Release|Any CPU = Release|Any CPU
	EndGlobalSection
	GlobalSection(ProjectConfigurationPlatforms) = postSolution
		{F31F9889-4C96-47DF-B1F8-0DB5E7FB6894}.Debug|Any CPU.ActiveCfg = Debug|Any CPU
		{F31F9889-4C96-47DF-B1F8-0DB5E7FB6894}.Debug|Any CPU.Build.0 = Debug|Any CPU
		{F31F9889-4C96-47DF-B1F8-0DB5E7FB6894}.Release|Any CPU.ActiveCfg = Release|Any CPU
		{F31F9889-4C96-47DF-B1F8-0DB5E7FB6894}.Release|Any CPU.Build.0 = Release|Any CPU
	EndGlobalSection
	GlobalSection(SolutionProperties) = preSolution
		HideSolutionNode = FALSE
	EndGlobalSection
	GlobalSection(ExtensibilityGlobals) = postSolution
		SolutionGuid = {C64B08AC-711D-43F4-97AE-4585F838E942}
	EndGlobalSection
EndGlobal
