
Microsoft Visual Studio Solution File, Format Version 12.00
# Visual Studio Version 17
VisualStudioVersion = 17.6.33829.357
MinimumVisualStudioVersion = 10.0.40219.1
Project("{FAE04EC0-301F-11D3-BF4B-00C04F79EFBC}") = "shoppingstiteDb", "shoppingstiteDb\shoppingstiteDb.csproj", "{FD15D1C9-8EC1-4C34-9DC7-BEDE03951305}"
EndProject
Global
	GlobalSection(SolutionConfigurationPlatforms) = preSolution
		Debug|Any CPU = Debug|Any CPU
		Release|Any CPU = Release|Any CPU
	EndGlobalSection
	GlobalSection(ProjectConfigurationPlatforms) = postSolution
		{FD15D1C9-8EC1-4C34-9DC7-BEDE03951305}.Debug|Any CPU.ActiveCfg = Debug|Any CPU
		{FD15D1C9-8EC1-4C34-9DC7-BEDE03951305}.Debug|Any CPU.Build.0 = Debug|Any CPU
		{FD15D1C9-8EC1-4C34-9DC7-BEDE03951305}.Release|Any CPU.ActiveCfg = Release|Any CPU
		{FD15D1C9-8EC1-4C34-9DC7-BEDE03951305}.Release|Any CPU.Build.0 = Release|Any CPU
	EndGlobalSection
	GlobalSection(SolutionProperties) = preSolution
		HideSolutionNode = FALSE
	EndGlobalSection
	GlobalSection(ExtensibilityGlobals) = postSolution
		SolutionGuid = {C63B331D-BAD7-4B25-BE17-DED4CFFCDE7E}
	EndGlobalSection
EndGlobal
