
Microsoft Visual Studio Solution File, Format Version 12.00
# Visual Studio Version 17
VisualStudioVersion = 17.5.33502.453
MinimumVisualStudioVersion = 10.0.40219.1
Project("{FAE04EC0-301F-11D3-BF4B-00C04F79EFBC}") = "ConsoleApp5", "ConsoleApp5\ConsoleApp5.csproj", "{AE45E180-27C4-4D92-9F32-C676072AE4FE}"
EndProject
Global
	GlobalSection(SolutionConfigurationPlatforms) = preSolution
		Debug|Any CPU = Debug|Any CPU
		Release|Any CPU = Release|Any CPU
	EndGlobalSection
	GlobalSection(ProjectConfigurationPlatforms) = postSolution
		{AE45E180-27C4-4D92-9F32-C676072AE4FE}.Debug|Any CPU.ActiveCfg = Debug|Any CPU
		{AE45E180-27C4-4D92-9F32-C676072AE4FE}.Debug|Any CPU.Build.0 = Debug|Any CPU
		{AE45E180-27C4-4D92-9F32-C676072AE4FE}.Release|Any CPU.ActiveCfg = Release|Any CPU
		{AE45E180-27C4-4D92-9F32-C676072AE4FE}.Release|Any CPU.Build.0 = Release|Any CPU
	EndGlobalSection
	GlobalSection(SolutionProperties) = preSolution
		HideSolutionNode = FALSE
	EndGlobalSection
	GlobalSection(ExtensibilityGlobals) = postSolution
		SolutionGuid = {29D15052-AE85-4701-ADE7-E76E32F5B4D5}
	EndGlobalSection
EndGlobal
