
Microsoft Visual Studio Solution File, Format Version 12.00
# Visual Studio Version 17
VisualStudioVersion = 17.5.33502.453
MinimumVisualStudioVersion = 10.0.40219.1
Project("{FAE04EC0-301F-11D3-BF4B-00C04F79EFBC}") = "passbyvaluedefault", "passbyvaluedefault\passbyvaluedefault.csproj", "{27AD30A9-384C-4A2B-B888-3B63811B611D}"
EndProject
Global
	GlobalSection(SolutionConfigurationPlatforms) = preSolution
		Debug|Any CPU = Debug|Any CPU
		Release|Any CPU = Release|Any CPU
	EndGlobalSection
	GlobalSection(ProjectConfigurationPlatforms) = postSolution
		{27AD30A9-384C-4A2B-B888-3B63811B611D}.Debug|Any CPU.ActiveCfg = Debug|Any CPU
		{27AD30A9-384C-4A2B-B888-3B63811B611D}.Debug|Any CPU.Build.0 = Debug|Any CPU
		{27AD30A9-384C-4A2B-B888-3B63811B611D}.Release|Any CPU.ActiveCfg = Release|Any CPU
		{27AD30A9-384C-4A2B-B888-3B63811B611D}.Release|Any CPU.Build.0 = Release|Any CPU
	EndGlobalSection
	GlobalSection(SolutionProperties) = preSolution
		HideSolutionNode = FALSE
	EndGlobalSection
	GlobalSection(ExtensibilityGlobals) = postSolution
		SolutionGuid = {D1D52133-118A-46DB-9828-3993ED42BEE0}
	EndGlobalSection
EndGlobal
