
Microsoft Visual Studio Solution File, Format Version 12.00
# Visual Studio Version 17
VisualStudioVersion = 17.5.33502.453
MinimumVisualStudioVersion = 10.0.40219.1
Project("{FAE04EC0-301F-11D3-BF4B-00C04F79EFBC}") = "searchnumber", "searchnumber\searchnumber.csproj", "{9907B8D2-CEAD-4E3C-8464-921C1FC10104}"
EndProject
Global
	GlobalSection(SolutionConfigurationPlatforms) = preSolution
		Debug|Any CPU = Debug|Any CPU
		Release|Any CPU = Release|Any CPU
	EndGlobalSection
	GlobalSection(ProjectConfigurationPlatforms) = postSolution
		{9907B8D2-CEAD-4E3C-8464-921C1FC10104}.Debug|Any CPU.ActiveCfg = Debug|Any CPU
		{9907B8D2-CEAD-4E3C-8464-921C1FC10104}.Debug|Any CPU.Build.0 = Debug|Any CPU
		{9907B8D2-CEAD-4E3C-8464-921C1FC10104}.Release|Any CPU.ActiveCfg = Release|Any CPU
		{9907B8D2-CEAD-4E3C-8464-921C1FC10104}.Release|Any CPU.Build.0 = Release|Any CPU
	EndGlobalSection
	GlobalSection(SolutionProperties) = preSolution
		HideSolutionNode = FALSE
	EndGlobalSection
	GlobalSection(ExtensibilityGlobals) = postSolution
		SolutionGuid = {E009EF4A-FD27-4F56-A7D9-5B20C6FE1C25}
	EndGlobalSection
EndGlobal
