
Microsoft Visual Studio Solution File, Format Version 12.00
# Visual Studio Version 17
VisualStudioVersion = 17.5.33502.453
MinimumVisualStudioVersion = 10.0.40219.1
Project("{FAE04EC0-301F-11D3-BF4B-00C04F79EFBC}") = "Aspexample4", "Aspexample4\Aspexample4.csproj", "{38B6E6A6-4390-434C-98D6-373F38908448}"
EndProject
Global
	GlobalSection(SolutionConfigurationPlatforms) = preSolution
		Debug|Any CPU = Debug|Any CPU
		Release|Any CPU = Release|Any CPU
	EndGlobalSection
	GlobalSection(ProjectConfigurationPlatforms) = postSolution
		{38B6E6A6-4390-434C-98D6-373F38908448}.Debug|Any CPU.ActiveCfg = Debug|Any CPU
		{38B6E6A6-4390-434C-98D6-373F38908448}.Debug|Any CPU.Build.0 = Debug|Any CPU
		{38B6E6A6-4390-434C-98D6-373F38908448}.Release|Any CPU.ActiveCfg = Release|Any CPU
		{38B6E6A6-4390-434C-98D6-373F38908448}.Release|Any CPU.Build.0 = Release|Any CPU
	EndGlobalSection
	GlobalSection(SolutionProperties) = preSolution
		HideSolutionNode = FALSE
	EndGlobalSection
	GlobalSection(ExtensibilityGlobals) = postSolution
		SolutionGuid = {DADC9514-E798-45D4-A078-0AC5A3C30C64}
	EndGlobalSection
EndGlobal
