
Microsoft Visual Studio Solution File, Format Version 12.00
# Visual Studio Version 17
VisualStudioVersion = 17.6.33723.286
MinimumVisualStudioVersion = 10.0.40219.1
Project("{FAE04EC0-301F-11D3-BF4B-00C04F79EFBC}") = "Studentdbconmvc", "Studentdbconmvc\Studentdbconmvc.csproj", "{599AF01C-FE7C-4D53-82FC-90015311BB10}"
EndProject
Global
	GlobalSection(SolutionConfigurationPlatforms) = preSolution
		Debug|Any CPU = Debug|Any CPU
		Release|Any CPU = Release|Any CPU
	EndGlobalSection
	GlobalSection(ProjectConfigurationPlatforms) = postSolution
		{599AF01C-FE7C-4D53-82FC-90015311BB10}.Debug|Any CPU.ActiveCfg = Debug|Any CPU
		{599AF01C-FE7C-4D53-82FC-90015311BB10}.Debug|Any CPU.Build.0 = Debug|Any CPU
		{599AF01C-FE7C-4D53-82FC-90015311BB10}.Release|Any CPU.ActiveCfg = Release|Any CPU
		{599AF01C-FE7C-4D53-82FC-90015311BB10}.Release|Any CPU.Build.0 = Release|Any CPU
	EndGlobalSection
	GlobalSection(SolutionProperties) = preSolution
		HideSolutionNode = FALSE
	EndGlobalSection
	GlobalSection(ExtensibilityGlobals) = postSolution
		SolutionGuid = {B47195D3-C7F3-422C-A473-1A08CCAD4051}
	EndGlobalSection
EndGlobal
