
Microsoft Visual Studio Solution File, Format Version 12.00
# Visual Studio Version 17
VisualStudioVersion = 17.5.33502.453
MinimumVisualStudioVersion = 10.0.40219.1
Project("{FAE04EC0-301F-11D3-BF4B-00C04F79EFBC}") = "5studentsname_array", "5studentsname_array\5studentsname_array.csproj", "{80395707-C291-4E28-B80E-21E94705DD54}"
EndProject
Global
	GlobalSection(SolutionConfigurationPlatforms) = preSolution
		Debug|Any CPU = Debug|Any CPU
		Release|Any CPU = Release|Any CPU
	EndGlobalSection
	GlobalSection(ProjectConfigurationPlatforms) = postSolution
		{80395707-C291-4E28-B80E-21E94705DD54}.Debug|Any CPU.ActiveCfg = Debug|Any CPU
		{80395707-C291-4E28-B80E-21E94705DD54}.Debug|Any CPU.Build.0 = Debug|Any CPU
		{80395707-C291-4E28-B80E-21E94705DD54}.Release|Any CPU.ActiveCfg = Release|Any CPU
		{80395707-C291-4E28-B80E-21E94705DD54}.Release|Any CPU.Build.0 = Release|Any CPU
	EndGlobalSection
	GlobalSection(SolutionProperties) = preSolution
		HideSolutionNode = FALSE
	EndGlobalSection
	GlobalSection(ExtensibilityGlobals) = postSolution
		SolutionGuid = {496A413C-EFAB-40F0-A3A1-D4C3752A518F}
	EndGlobalSection
EndGlobal
