
Microsoft Visual Studio Solution File, Format Version 12.00
# Visual Studio Version 17
VisualStudioVersion = 17.6.33815.320
MinimumVisualStudioVersion = 10.0.40219.1
Project("{FAE04EC0-301F-11D3-BF4B-00C04F79EFBC}") = "Formcollection Type", "Formcollection Type\Formcollection Type.csproj", "{4A3AE7B3-E39C-44EC-B01C-665DA4093C07}"
EndProject
Global
	GlobalSection(SolutionConfigurationPlatforms) = preSolution
		Debug|Any CPU = Debug|Any CPU
		Release|Any CPU = Release|Any CPU
	EndGlobalSection
	GlobalSection(ProjectConfigurationPlatforms) = postSolution
		{4A3AE7B3-E39C-44EC-B01C-665DA4093C07}.Debug|Any CPU.ActiveCfg = Debug|Any CPU
		{4A3AE7B3-E39C-44EC-B01C-665DA4093C07}.Debug|Any CPU.Build.0 = Debug|Any CPU
		{4A3AE7B3-E39C-44EC-B01C-665DA4093C07}.Release|Any CPU.ActiveCfg = Release|Any CPU
		{4A3AE7B3-E39C-44EC-B01C-665DA4093C07}.Release|Any CPU.Build.0 = Release|Any CPU
	EndGlobalSection
	GlobalSection(SolutionProperties) = preSolution
		HideSolutionNode = FALSE
	EndGlobalSection
	GlobalSection(ExtensibilityGlobals) = postSolution
		SolutionGuid = {A583EC24-6483-4AE7-911B-CE6B2ED9E338}
	EndGlobalSection
EndGlobal
