
Microsoft Visual Studio Solution File, Format Version 12.00
# Visual Studio Version 17
VisualStudioVersion = 17.5.33502.453
MinimumVisualStudioVersion = 10.0.40219.1
Project("{FAE04EC0-301F-11D3-BF4B-00C04F79EFBC}") = "noreturnmethod", "noreturnmethod\noreturnmethod.csproj", "{11114CBF-3949-465F-9B2B-D66583DB0BC0}"
EndProject
Global
	GlobalSection(SolutionConfigurationPlatforms) = preSolution
		Debug|Any CPU = Debug|Any CPU
		Release|Any CPU = Release|Any CPU
	EndGlobalSection
	GlobalSection(ProjectConfigurationPlatforms) = postSolution
		{11114CBF-3949-465F-9B2B-D66583DB0BC0}.Debug|Any CPU.ActiveCfg = Debug|Any CPU
		{11114CBF-3949-465F-9B2B-D66583DB0BC0}.Debug|Any CPU.Build.0 = Debug|Any CPU
		{11114CBF-3949-465F-9B2B-D66583DB0BC0}.Release|Any CPU.ActiveCfg = Release|Any CPU
		{11114CBF-3949-465F-9B2B-D66583DB0BC0}.Release|Any CPU.Build.0 = Release|Any CPU
	EndGlobalSection
	GlobalSection(SolutionProperties) = preSolution
		HideSolutionNode = FALSE
	EndGlobalSection
	GlobalSection(ExtensibilityGlobals) = postSolution
		SolutionGuid = {53016420-C6BB-4219-B387-2928936A2516}
	EndGlobalSection
EndGlobal
