
Microsoft Visual Studio Solution File, Format Version 12.00
# Visual Studio Version 17
VisualStudioVersion = 17.5.33502.453
MinimumVisualStudioVersion = 10.0.40219.1
Project("{FAE04EC0-301F-11D3-BF4B-00C04F79EFBC}") = "forcontinue", "forcontinue\forcontinue.csproj", "{D3AA5E39-7CC2-41B3-95B4-54BCD720105E}"
EndProject
Global
	GlobalSection(SolutionConfigurationPlatforms) = preSolution
		Debug|Any CPU = Debug|Any CPU
		Release|Any CPU = Release|Any CPU
	EndGlobalSection
	GlobalSection(ProjectConfigurationPlatforms) = postSolution
		{D3AA5E39-7CC2-41B3-95B4-54BCD720105E}.Debug|Any CPU.ActiveCfg = Debug|Any CPU
		{D3AA5E39-7CC2-41B3-95B4-54BCD720105E}.Debug|Any CPU.Build.0 = Debug|Any CPU
		{D3AA5E39-7CC2-41B3-95B4-54BCD720105E}.Release|Any CPU.ActiveCfg = Release|Any CPU
		{D3AA5E39-7CC2-41B3-95B4-54BCD720105E}.Release|Any CPU.Build.0 = Release|Any CPU
	EndGlobalSection
	GlobalSection(SolutionProperties) = preSolution
		HideSolutionNode = FALSE
	EndGlobalSection
	GlobalSection(ExtensibilityGlobals) = postSolution
		SolutionGuid = {E9EDA68F-57D7-4884-83CD-2619A83FDEE1}
	EndGlobalSection
EndGlobal
