
Microsoft Visual Studio Solution File, Format Version 12.00
# Visual Studio Version 17
VisualStudioVersion = 17.5.33502.453
MinimumVisualStudioVersion = 10.0.40219.1
Project("{FAE04EC0-301F-11D3-BF4B-00C04F79EFBC}") = "asploginform", "asploginform\asploginform.csproj", "{239B4D25-CB02-4C84-B60A-17701F780D20}"
EndProject
Global
	GlobalSection(SolutionConfigurationPlatforms) = preSolution
		Debug|Any CPU = Debug|Any CPU
		Release|Any CPU = Release|Any CPU
	EndGlobalSection
	GlobalSection(ProjectConfigurationPlatforms) = postSolution
		{239B4D25-CB02-4C84-B60A-17701F780D20}.Debug|Any CPU.ActiveCfg = Debug|Any CPU
		{239B4D25-CB02-4C84-B60A-17701F780D20}.Debug|Any CPU.Build.0 = Debug|Any CPU
		{239B4D25-CB02-4C84-B60A-17701F780D20}.Release|Any CPU.ActiveCfg = Release|Any CPU
		{239B4D25-CB02-4C84-B60A-17701F780D20}.Release|Any CPU.Build.0 = Release|Any CPU
	EndGlobalSection
	GlobalSection(SolutionProperties) = preSolution
		HideSolutionNode = FALSE
	EndGlobalSection
	GlobalSection(ExtensibilityGlobals) = postSolution
		SolutionGuid = {2BAD0050-97B0-4180-8A23-C99486C2A417}
	EndGlobalSection
EndGlobal
