
Microsoft Visual Studio Solution File, Format Version 12.00
# Visual Studio Version 17
VisualStudioVersion = 17.5.33502.453
MinimumVisualStudioVersion = 10.0.40219.1
Project("{FAE04EC0-301F-11D3-BF4B-00C04F79EFBC}") = "isprimeornot", "isprimeornot\isprimeornot.csproj", "{8291E5BB-849A-4F79-91B2-C49CA249590F}"
EndProject
Global
	GlobalSection(SolutionConfigurationPlatforms) = preSolution
		Debug|Any CPU = Debug|Any CPU
		Release|Any CPU = Release|Any CPU
	EndGlobalSection
	GlobalSection(ProjectConfigurationPlatforms) = postSolution
		{8291E5BB-849A-4F79-91B2-C49CA249590F}.Debug|Any CPU.ActiveCfg = Debug|Any CPU
		{8291E5BB-849A-4F79-91B2-C49CA249590F}.Debug|Any CPU.Build.0 = Debug|Any CPU
		{8291E5BB-849A-4F79-91B2-C49CA249590F}.Release|Any CPU.ActiveCfg = Release|Any CPU
		{8291E5BB-849A-4F79-91B2-C49CA249590F}.Release|Any CPU.Build.0 = Release|Any CPU
	EndGlobalSection
	GlobalSection(SolutionProperties) = preSolution
		HideSolutionNode = FALSE
	EndGlobalSection
	GlobalSection(ExtensibilityGlobals) = postSolution
		SolutionGuid = {4F8E86FB-6CCE-4427-A14C-B60853DEA3D2}
	EndGlobalSection
EndGlobal
