
Microsoft Visual Studio Solution File, Format Version 12.00
# Visual Studio Version 17
VisualStudioVersion = 17.5.33502.453
MinimumVisualStudioVersion = 10.0.40219.1
Project("{FAE04EC0-301F-11D3-BF4B-00C04F79EFBC}") = "3by3array", "3by3array\3by3array.csproj", "{B771DCF6-B65F-48AF-8EC0-8DAF3634F8A9}"
EndProject
Global
	GlobalSection(SolutionConfigurationPlatforms) = preSolution
		Debug|Any CPU = Debug|Any CPU
		Release|Any CPU = Release|Any CPU
	EndGlobalSection
	GlobalSection(ProjectConfigurationPlatforms) = postSolution
		{B771DCF6-B65F-48AF-8EC0-8DAF3634F8A9}.Debug|Any CPU.ActiveCfg = Debug|Any CPU
		{B771DCF6-B65F-48AF-8EC0-8DAF3634F8A9}.Debug|Any CPU.Build.0 = Debug|Any CPU
		{B771DCF6-B65F-48AF-8EC0-8DAF3634F8A9}.Release|Any CPU.ActiveCfg = Release|Any CPU
		{B771DCF6-B65F-48AF-8EC0-8DAF3634F8A9}.Release|Any CPU.Build.0 = Release|Any CPU
	EndGlobalSection
	GlobalSection(SolutionProperties) = preSolution
		HideSolutionNode = FALSE
	EndGlobalSection
	GlobalSection(ExtensibilityGlobals) = postSolution
		SolutionGuid = {D123DE74-05E6-41AF-906D-D9E3E0557977}
	EndGlobalSection
EndGlobal
