
Microsoft Visual Studio Solution File, Format Version 12.00
# Visual Studio Version 17
VisualStudioVersion = 17.5.33502.453
MinimumVisualStudioVersion = 10.0.40219.1
Project("{FAE04EC0-301F-11D3-BF4B-00C04F79EFBC}") = "sumofno_recursion", "sumofno_recursion\sumofno_recursion.csproj", "{CEF8F27A-FC07-4098-8A00-7939C14F81DF}"
EndProject
Global
	GlobalSection(SolutionConfigurationPlatforms) = preSolution
		Debug|Any CPU = Debug|Any CPU
		Release|Any CPU = Release|Any CPU
	EndGlobalSection
	GlobalSection(ProjectConfigurationPlatforms) = postSolution
		{CEF8F27A-FC07-4098-8A00-7939C14F81DF}.Debug|Any CPU.ActiveCfg = Debug|Any CPU
		{CEF8F27A-FC07-4098-8A00-7939C14F81DF}.Debug|Any CPU.Build.0 = Debug|Any CPU
		{CEF8F27A-FC07-4098-8A00-7939C14F81DF}.Release|Any CPU.ActiveCfg = Release|Any CPU
		{CEF8F27A-FC07-4098-8A00-7939C14F81DF}.Release|Any CPU.Build.0 = Release|Any CPU
	EndGlobalSection
	GlobalSection(SolutionProperties) = preSolution
		HideSolutionNode = FALSE
	EndGlobalSection
	GlobalSection(ExtensibilityGlobals) = postSolution
		SolutionGuid = {0F78F286-74BA-499B-A2A0-438280AE6F8D}
	EndGlobalSection
EndGlobal
