
Microsoft Visual Studio Solution File, Format Version 12.00
# Visual Studio Version 17
VisualStudioVersion = 17.5.33502.453
MinimumVisualStudioVersion = 10.0.40219.1
Project("{FAE04EC0-301F-11D3-BF4B-00C04F79EFBC}") = "multiply2array", "multiply2array\multiply2array.csproj", "{51ABF5EE-E728-49CC-B4FC-86A6F27FF3A8}"
EndProject
Global
	GlobalSection(SolutionConfigurationPlatforms) = preSolution
		Debug|Any CPU = Debug|Any CPU
		Release|Any CPU = Release|Any CPU
	EndGlobalSection
	GlobalSection(ProjectConfigurationPlatforms) = postSolution
		{51ABF5EE-E728-49CC-B4FC-86A6F27FF3A8}.Debug|Any CPU.ActiveCfg = Debug|Any CPU
		{51ABF5EE-E728-49CC-B4FC-86A6F27FF3A8}.Debug|Any CPU.Build.0 = Debug|Any CPU
		{51ABF5EE-E728-49CC-B4FC-86A6F27FF3A8}.Release|Any CPU.ActiveCfg = Release|Any CPU
		{51ABF5EE-E728-49CC-B4FC-86A6F27FF3A8}.Release|Any CPU.Build.0 = Release|Any CPU
	EndGlobalSection
	GlobalSection(SolutionProperties) = preSolution
		HideSolutionNode = FALSE
	EndGlobalSection
	GlobalSection(ExtensibilityGlobals) = postSolution
		SolutionGuid = {4D47E9EA-38A5-47CB-AF61-E69C7A3629A8}
	EndGlobalSection
EndGlobal
