
Microsoft Visual Studio Solution File, Format Version 12.00
# Visual Studio Version 17
VisualStudioVersion = 17.6.33815.320
MinimumVisualStudioVersion = 10.0.40219.1
Project("{FAE04EC0-301F-11D3-BF4B-00C04F79EFBC}") = "EntityFramework", "EntityFramework\EntityFramework.csproj", "{45064240-ED61-4726-AAB9-FBC09BE0D3DA}"
EndProject
Global
	GlobalSection(SolutionConfigurationPlatforms) = preSolution
		Debug|Any CPU = Debug|Any CPU
		Release|Any CPU = Release|Any CPU
	EndGlobalSection
	GlobalSection(ProjectConfigurationPlatforms) = postSolution
		{45064240-ED61-4726-AAB9-FBC09BE0D3DA}.Debug|Any CPU.ActiveCfg = Debug|Any CPU
		{45064240-ED61-4726-AAB9-FBC09BE0D3DA}.Debug|Any CPU.Build.0 = Debug|Any CPU
		{45064240-ED61-4726-AAB9-FBC09BE0D3DA}.Release|Any CPU.ActiveCfg = Release|Any CPU
		{45064240-ED61-4726-AAB9-FBC09BE0D3DA}.Release|Any CPU.Build.0 = Release|Any CPU
	EndGlobalSection
	GlobalSection(SolutionProperties) = preSolution
		HideSolutionNode = FALSE
	EndGlobalSection
	GlobalSection(ExtensibilityGlobals) = postSolution
		SolutionGuid = {DF485D10-4AB4-4A21-AF51-ECAA4FD934ED}
	EndGlobalSection
EndGlobal
