
Microsoft Visual Studio Solution File, Format Version 12.00
# Visual Studio Version 17
VisualStudioVersion = 17.5.33502.453
MinimumVisualStudioVersion = 10.0.40219.1
Project("{FAE04EC0-301F-11D3-BF4B-00C04F79EFBC}") = "WebApplication1", "WebApplication1\WebApplication1.csproj", "{EBE61D26-A505-4A53-98BB-3B1090E9B4F2}"
EndProject
Global
	GlobalSection(SolutionConfigurationPlatforms) = preSolution
		Debug|Any CPU = Debug|Any CPU
		Release|Any CPU = Release|Any CPU
	EndGlobalSection
	GlobalSection(ProjectConfigurationPlatforms) = postSolution
		{EBE61D26-A505-4A53-98BB-3B1090E9B4F2}.Debug|Any CPU.ActiveCfg = Debug|Any CPU
		{EBE61D26-A505-4A53-98BB-3B1090E9B4F2}.Debug|Any CPU.Build.0 = Debug|Any CPU
		{EBE61D26-A505-4A53-98BB-3B1090E9B4F2}.Release|Any CPU.ActiveCfg = Release|Any CPU
		{EBE61D26-A505-4A53-98BB-3B1090E9B4F2}.Release|Any CPU.Build.0 = Release|Any CPU
	EndGlobalSection
	GlobalSection(SolutionProperties) = preSolution
		HideSolutionNode = FALSE
	EndGlobalSection
	GlobalSection(ExtensibilityGlobals) = postSolution
		SolutionGuid = {8FF039CD-82D1-445D-8DB4-73BB457CBA02}
	EndGlobalSection
EndGlobal
