
Microsoft Visual Studio Solution File, Format Version 12.00
# Visual Studio Version 17
VisualStudioVersion = 17.5.33502.453
MinimumVisualStudioVersion = 10.0.40219.1
Project("{FAE04EC0-301F-11D3-BF4B-00C04F79EFBC}") = "ExOFemp_static", "ExOFemp_static\ExOFemp_static.csproj", "{52813123-85E0-4037-BC0B-1EB688A07448}"
EndProject
Global
	GlobalSection(SolutionConfigurationPlatforms) = preSolution
		Debug|Any CPU = Debug|Any CPU
		Release|Any CPU = Release|Any CPU
	EndGlobalSection
	GlobalSection(ProjectConfigurationPlatforms) = postSolution
		{52813123-85E0-4037-BC0B-1EB688A07448}.Debug|Any CPU.ActiveCfg = Debug|Any CPU
		{52813123-85E0-4037-BC0B-1EB688A07448}.Debug|Any CPU.Build.0 = Debug|Any CPU
		{52813123-85E0-4037-BC0B-1EB688A07448}.Release|Any CPU.ActiveCfg = Release|Any CPU
		{52813123-85E0-4037-BC0B-1EB688A07448}.Release|Any CPU.Build.0 = Release|Any CPU
	EndGlobalSection
	GlobalSection(SolutionProperties) = preSolution
		HideSolutionNode = FALSE
	EndGlobalSection
	GlobalSection(ExtensibilityGlobals) = postSolution
		SolutionGuid = {4EF37966-D364-4060-A22E-2485C677E31B}
	EndGlobalSection
EndGlobal
