
Microsoft Visual Studio Solution File, Format Version 12.00
# Visual Studio Version 17
VisualStudioVersion = 17.6.33829.357
MinimumVisualStudioVersion = 10.0.40219.1
Project("{FAE04EC0-301F-11D3-BF4B-00C04F79EFBC}") = "crudpracticemvc", "crudpracticemvc\crudpracticemvc.csproj", "{FE0EF2E1-E69F-4703-88B5-EEC7B69BE1E3}"
EndProject
Global
	GlobalSection(SolutionConfigurationPlatforms) = preSolution
		Debug|Any CPU = Debug|Any CPU
		Release|Any CPU = Release|Any CPU
	EndGlobalSection
	GlobalSection(ProjectConfigurationPlatforms) = postSolution
		{FE0EF2E1-E69F-4703-88B5-EEC7B69BE1E3}.Debug|Any CPU.ActiveCfg = Debug|Any CPU
		{FE0EF2E1-E69F-4703-88B5-EEC7B69BE1E3}.Debug|Any CPU.Build.0 = Debug|Any CPU
		{FE0EF2E1-E69F-4703-88B5-EEC7B69BE1E3}.Release|Any CPU.ActiveCfg = Release|Any CPU
		{FE0EF2E1-E69F-4703-88B5-EEC7B69BE1E3}.Release|Any CPU.Build.0 = Release|Any CPU
	EndGlobalSection
	GlobalSection(SolutionProperties) = preSolution
		HideSolutionNode = FALSE
	EndGlobalSection
	GlobalSection(ExtensibilityGlobals) = postSolution
		SolutionGuid = {A25BB6E5-9595-475D-B89A-73D4C154B7BB}
	EndGlobalSection
EndGlobal
