
Microsoft Visual Studio Solution File, Format Version 12.00
# Visual Studio Version 17
VisualStudioVersion = 17.5.33502.453
MinimumVisualStudioVersion = 10.0.40219.1
Project("{FAE04EC0-301F-11D3-BF4B-00C04F79EFBC}") = "singlediamentionarray", "singlediamentionarray\singlediamentionarray.csproj", "{D3676C06-7899-471B-8BEC-310B2D36D732}"
EndProject
Global
	GlobalSection(SolutionConfigurationPlatforms) = preSolution
		Debug|Any CPU = Debug|Any CPU
		Release|Any CPU = Release|Any CPU
	EndGlobalSection
	GlobalSection(ProjectConfigurationPlatforms) = postSolution
		{D3676C06-7899-471B-8BEC-310B2D36D732}.Debug|Any CPU.ActiveCfg = Debug|Any CPU
		{D3676C06-7899-471B-8BEC-310B2D36D732}.Debug|Any CPU.Build.0 = Debug|Any CPU
		{D3676C06-7899-471B-8BEC-310B2D36D732}.Release|Any CPU.ActiveCfg = Release|Any CPU
		{D3676C06-7899-471B-8BEC-310B2D36D732}.Release|Any CPU.Build.0 = Release|Any CPU
	EndGlobalSection
	GlobalSection(SolutionProperties) = preSolution
		HideSolutionNode = FALSE
	EndGlobalSection
	GlobalSection(ExtensibilityGlobals) = postSolution
		SolutionGuid = {7C7DEF85-FF73-46B7-9A90-E6B681D23839}
	EndGlobalSection
EndGlobal
